# This file is generated by running "yarn install" inside your project.
# Manual changes might be lost - proceed with caution!

__metadata:
  version: 10
  cacheKey: 10

"@cloudflare/kv-asset-handler@npm:0.5.0":
  version: 0.5.0
  resolution: "@cloudflare/kv-asset-handler@npm:0.5.0"
  checksum: 10/03310bf078301e1faeebfc0d5bf290582c13628567d62c03d1b7390e37ff3f44606f67236f68a92878cf9a0c697b90f673846768a167fa05aef3da64b521a5d9
  languageName: node
  linkType: hard

"@cloudflare/unenv-preset@npm:2.16.1":
  version: 2.16.1
  resolution: "@cloudflare/unenv-preset@npm:2.16.1"
  peerDependencies:
    unenv: 2.0.0-rc.24
    workerd: ">1.20260305.0 <2.0.0-0"
  peerDependenciesMeta:
    workerd:
      optional: true
  checksum: 10/fd6c007e7cf269f3268741ca5405ad80a224df95de35d1082d31b7434f559f6f16c0a7f167298e0e8560e88d38cbdff87ecfbfa5717d2f06e197bcc69c3ee299
  languageName: node
  linkType: hard

"@cloudflare/workerd-darwin-64@npm:1.20260623.1":
  version: 1.20260623.1
  resolution: "@cloudflare/workerd-darwin-64@npm:1.20260623.1"
  conditions: os=darwin & cpu=x64
  languageName: node
  linkType: hard

"@cloudflare/workerd-darwin-arm64@npm:1.20260623.1":
  version: 1.20260623.1
  resolution: "@cloudflare/workerd-darwin-arm64@npm:1.20260623.1"
  conditions: os=darwin & cpu=arm64
  languageName: node
  linkType: hard

"@cloudflare/workerd-linux-64@npm:1.20260623.1":
  version: 1.20260623.1
  resolution: "@cloudflare/workerd-linux-64@npm:1.20260623.1"
  conditions: os=linux & cpu=x64
  languageName: node
  linkType: hard

"@cloudflare/workerd-linux-arm64@npm:1.20260623.1":
  version: 1.20260623.1
  resolution: "@cloudflare/workerd-linux-arm64@npm:1.20260623.1"
  conditions: os=linux & cpu=arm64
  languageName: node
  linkType: hard

"@cloudflare/workerd-windows-64@npm:1.20260623.1":
  version: 1.20260623.1
  resolution: "@cloudflare/workerd-windows-64@npm:1.20260623.1"
  conditions: os=win32 & cpu=x64
  languageName: node
  linkType: hard

"@cloudflare/workers-types@npm:4.20260625.1":
  version: 4.20260625.1
  resolution: "@cloudflare/workers-types@npm:4.20260625.1"
  checksum: 10/59f89344e5ca48bc4dc78834f211305ac8ee0e3775789610ba2aed159af0703c2a38a08eecba81a81facead0cf5b5ea13c383707e36373b9946c8d970e29e258
  languageName: node
  linkType: hard

"@cspotcode/source-map-support@npm:0.8.1":
  version: 0.8.1
  resolution: "@cspotcode/source-map-support@npm:0.8.1"
  dependencies:
    "@jridgewell/trace-mapping": "npm:0.3.9"
  checksum: 10/b6e38a1712fab242c86a241c229cf562195aad985d0564bd352ac404be583029e89e93028ffd2c251d2c407ecac5fb0cbdca94a2d5c10f29ac806ede0508b3ff
  languageName: node
  linkType: hard

"@emnapi/runtime@npm:^1.7.0":
  version: 1.11.1
  resolution: "@emnapi/runtime@npm:1.11.1"
  dependencies:
    tslib: "npm:^2.4.0"
  checksum: 10/8f7c622a49314df4d07952110e108e83b0fe129a8ddb9ef1e0ae372d754616169d5b0dd47a0d354a0fea2612abe42cedb582d15916936d1320c6c468acc804cc
  languageName: node
  linkType: hard

"@esbuild/aix-ppc64@npm:0.28.1":
  version: 0.28.1
  resolution: "@esbuild/aix-ppc64@npm:0.28.1"
  conditions: os=aix & cpu=ppc64
  languageName: node
  linkType: hard

"@esbuild/android-arm64@npm:0.28.1":
  version: 0.28.1
  resolution: "@esbuild/android-arm64@npm:0.28.1"
  conditions: os=android & cpu=arm64
  languageName: node
  linkType: hard

"@esbuild/android-arm@npm:0.28.1":
  version: 0.28.1
  resolution: "@esbuild/android-arm@npm:0.28.1"
  conditions: os=android & cpu=arm
  languageName: node
  linkType: hard

"@esbuild/android-x64@npm:0.28.1":
  version: 0.28.1
  resolution: "@esbuild/android-x64@npm:0.28.1"
  conditions: os=android & cpu=x64
  languageName: node
  linkType: hard

"@esbuild/darwin-arm64@npm:0.28.1":
  version: 0.28.1
  resolution: "@esbuild/darwin-arm64@npm:0.28.1"
  conditions: os=darwin & cpu=arm64
  languageName: node
  linkType: hard

"@esbuild/darwin-x64@npm:0.28.1":
  version: 0.28.1
  resolution: "@esbuild/darwin-x64@npm:0.28.1"
  conditions: os=darwin & cpu=x64
  languageName: node
  linkType: hard

"@esbuild/freebsd-arm64@npm:0.28.1":
  version: 0.28.1
  resolution: "@esbuild/freebsd-arm64@npm:0.28.1"
  conditions: os=freebsd & cpu=arm64
  languageName: node
  linkType: hard

"@esbuild/freebsd-x64@npm:0.28.1":
  version: 0.28.1
  resolution: "@esbuild/freebsd-x64@npm:0.28.1"
  conditions: os=freebsd & cpu=x64
  languageName: node
  linkType: hard

"@esbuild/linux-arm64@npm:0.28.1":
  version: 0.28.1
  resolution: "@esbuild/linux-arm64@npm:0.28.1"
  conditions: os=linux & cpu=arm64
  languageName: node
  linkType: hard

"@esbuild/linux-arm@npm:0.28.1":
  version: 0.28.1
  resolution: "@esbuild/linux-arm@npm:0.28.1"
  conditions: os=linux & cpu=arm
  languageName: node
  linkType: hard

"@esbuild/linux-ia32@npm:0.28.1":
  version: 0.28.1
  resolution: "@esbuild/linux-ia32@npm:0.28.1"
  conditions: os=linux & cpu=ia32
  languageName: node
  linkType: hard

"@esbuild/linux-loong64@npm:0.28.1":
  version: 0.28.1
  resolution: "@esbuild/linux-loong64@npm:0.28.1"
  conditions: os=linux & cpu=loong64
  languageName: node
  linkType: hard

"@esbuild/linux-mips64el@npm:0.28.1":
  version: 0.28.1
  resolution: "@esbuild/linux-mips64el@npm:0.28.1"
  conditions: os=linux & cpu=mips64el
  languageName: node
  linkType: hard

"@esbuild/linux-ppc64@npm:0.28.1":
  version: 0.28.1
  resolution: "@esbuild/linux-ppc64@npm:0.28.1"
  conditions: os=linux & cpu=ppc64
  languageName: node
  linkType: hard

"@esbuild/linux-riscv64@npm:0.28.1":
  version: 0.28.1
  resolution: "@esbuild/linux-riscv64@npm:0.28.1"
  conditions: os=linux & cpu=riscv64
  languageName: node
  linkType: hard

"@esbuild/linux-s390x@npm:0.28.1":
  version: 0.28.1
  resolution: "@esbuild/linux-s390x@npm:0.28.1"
  conditions: os=linux & cpu=s390x
  languageName: node
  linkType: hard

"@esbuild/linux-x64@npm:0.28.1":
  version: 0.28.1
  resolution: "@esbuild/linux-x64@npm:0.28.1"
  conditions: os=linux & cpu=x64
  languageName: node
  linkType: hard

"@esbuild/netbsd-arm64@npm:0.28.1":
  version: 0.28.1
  resolution: "@esbuild/netbsd-arm64@npm:0.28.1"
  conditions: os=netbsd & cpu=arm64
  languageName: node
  linkType: hard

"@esbuild/netbsd-x64@npm:0.28.1":
  version: 0.28.1
  resolution: "@esbuild/netbsd-x64@npm:0.28.1"
  conditions: os=netbsd & cpu=x64
  languageName: node
  linkType: hard

"@esbuild/openbsd-arm64@npm:0.28.1":
  version: 0.28.1
  resolution: "@esbuild/openbsd-arm64@npm:0.28.1"
  conditions: os=openbsd & cpu=arm64
  languageName: node
  linkType: hard

"@esbuild/openbsd-x64@npm:0.28.1":
  version: 0.28.1
  resolution: "@esbuild/openbsd-x64@npm:0.28.1"
  conditions: os=openbsd & cpu=x64
  languageName: node
  linkType: hard

"@esbuild/openharmony-arm64@npm:0.28.1":
  version: 0.28.1
  resolution: "@esbuild/openharmony-arm64@npm:0.28.1"
  conditions: os=openharmony & cpu=arm64
  languageName: node
  linkType: hard

"@esbuild/sunos-x64@npm:0.28.1":
  version: 0.28.1
  resolution: "@esbuild/sunos-x64@npm:0.28.1"
  conditions: os=sunos & cpu=x64
  languageName: node
  linkType: hard

"@esbuild/win32-arm64@npm:0.28.1":
  version: 0.28.1
  resolution: "@esbuild/win32-arm64@npm:0.28.1"
  conditions: os=win32 & cpu=arm64
  languageName: node
  linkType: hard

"@esbuild/win32-ia32@npm:0.28.1":
  version: 0.28.1
  resolution: "@esbuild/win32-ia32@npm:0.28.1"
  conditions: os=win32 & cpu=ia32
  languageName: node
  linkType: hard

"@esbuild/win32-x64@npm:0.28.1":
  version: 0.28.1
  resolution: "@esbuild/win32-x64@npm:0.28.1"
  conditions: os=win32 & cpu=x64
  languageName: node
  linkType: hard

"@img/colour@npm:^1.0.0":
  version: 1.1.0
  resolution: "@img/colour@npm:1.1.0"
  checksum: 10/2a29be7b06b046bd33c80ffa0f3493b7535b0841a69f54af81bf5e2d8867f21704fab42e9cf24ec30c089de34f790bae4dad1fc617c3163fbf264998dc316f0a
  languageName: node
  linkType: hard

"@img/sharp-darwin-arm64@npm:0.34.5":
  version: 0.34.5
  resolution: "@img/sharp-darwin-arm64@npm:0.34.5"
  dependencies:
    "@img/sharp-libvips-darwin-arm64": "npm:1.2.4"
  dependenciesMeta:
    "@img/sharp-libvips-darwin-arm64":
      optional: true
  conditions: os=darwin & cpu=arm64
  languageName: node
  linkType: hard

"@img/sharp-darwin-x64@npm:0.34.5":
  version: 0.34.5
  resolution: "@img/sharp-darwin-x64@npm:0.34.5"
  dependencies:
    "@img/sharp-libvips-darwin-x64": "npm:1.2.4"
  dependenciesMeta:
    "@img/sharp-libvips-darwin-x64":
      optional: true
  conditions: os=darwin & cpu=x64
  languageName: node
  linkType: hard

"@img/sharp-libvips-darwin-arm64@npm:1.2.4":
  version: 1.2.4
  resolution: "@img/sharp-libvips-darwin-arm64@npm:1.2.4"
  conditions: os=darwin & cpu=arm64
  languageName: node
  linkType: hard

"@img/sharp-libvips-darwin-x64@npm:1.2.4":
  version: 1.2.4
  resolution: "@img/sharp-libvips-darwin-x64@npm:1.2.4"
  conditions: os=darwin & cpu=x64
  languageName: node
  linkType: hard

"@img/sharp-libvips-linux-arm64@npm:1.2.4":
  version: 1.2.4
  resolution: "@img/sharp-libvips-linux-arm64@npm:1.2.4"
  conditions: os=linux & cpu=arm64 & libc=glibc
  languageName: node
  linkType: hard

"@img/sharp-libvips-linux-arm@npm:1.2.4":
  version: 1.2.4
  resolution: "@img/sharp-libvips-linux-arm@npm:1.2.4"
  conditions: os=linux & cpu=arm & libc=glibc
  languageName: node
  linkType: hard

"@img/sharp-libvips-linux-ppc64@npm:1.2.4":
  version: 1.2.4
  resolution: "@img/sharp-libvips-linux-ppc64@npm:1.2.4"
  conditions: os=linux & cpu=ppc64 & libc=glibc
  languageName: node
  linkType: hard

"@img/sharp-libvips-linux-riscv64@npm:1.2.4":
  version: 1.2.4
  resolution: "@img/sharp-libvips-linux-riscv64@npm:1.2.4"
  conditions: os=linux & cpu=riscv64 & libc=glibc
  languageName: node
  linkType: hard

"@img/sharp-libvips-linux-s390x@npm:1.2.4":
  version: 1.2.4
  resolution: "@img/sharp-libvips-linux-s390x@npm:1.2.4"
  conditions: os=linux & cpu=s390x & libc=glibc
  languageName: node
  linkType: hard

"@img/sharp-libvips-linux-x64@npm:1.2.4":
  version: 1.2.4
  resolution: "@img/sharp-libvips-linux-x64@npm:1.2.4"
  conditions: os=linux & cpu=x64 & libc=glibc
  languageName: node
  linkType: hard

"@img/sharp-libvips-linuxmusl-arm64@npm:1.2.4":
  version: 1.2.4
  resolution: "@img/sharp-libvips-linuxmusl-arm64@npm:1.2.4"
  conditions: os=linux & cpu=arm64 & libc=musl
  languageName: node
  linkType: hard

"@img/sharp-libvips-linuxmusl-x64@npm:1.2.4":
  version: 1.2.4
  resolution: "@img/sharp-libvips-linuxmusl-x64@npm:1.2.4"
  conditions: os=linux & cpu=x64 & libc=musl
  languageName: node
  linkType: hard

"@img/sharp-linux-arm64@npm:0.34.5":
  version: 0.34.5
  resolution: "@img/sharp-linux-arm64@npm:0.34.5"
  dependencies:
    "@img/sharp-libvips-linux-arm64": "npm:1.2.4"
  dependenciesMeta:
    "@img/sharp-libvips-linux-arm64":
      optional: true
  conditions: os=linux & cpu=arm64 & libc=glibc
  languageName: node
  linkType: hard

"@img/sharp-linux-arm@npm:0.34.5":
  version: 0.34.5
  resolution: "@img/sharp-linux-arm@npm:0.34.5"
  dependencies:
    "@img/sharp-libvips-linux-arm": "npm:1.2.4"
  dependenciesMeta:
    "@img/sharp-libvips-linux-arm":
      optional: true
  conditions: os=linux & cpu=arm & libc=glibc
  languageName: node
  linkType: hard

"@img/sharp-linux-ppc64@npm:0.34.5":
  version: 0.34.5
  resolution: "@img/sharp-linux-ppc64@npm:0.34.5"
  dependencies:
    "@img/sharp-libvips-linux-ppc64": "npm:1.2.4"
  dependenciesMeta:
    "@img/sharp-libvips-linux-ppc64":
      optional: true
  conditions: os=linux & cpu=ppc64 & libc=glibc
  languageName: node
  linkType: hard

"@img/sharp-linux-riscv64@npm:0.34.5":
  version: 0.34.5
  resolution: "@img/sharp-linux-riscv64@npm:0.34.5"
  dependencies:
    "@img/sharp-libvips-linux-riscv64": "npm:1.2.4"
  dependenciesMeta:
    "@img/sharp-libvips-linux-riscv64":
      optional: true
  conditions: os=linux & cpu=riscv64 & libc=glibc
  languageName: node
  linkType: hard

"@img/sharp-linux-s390x@npm:0.34.5":
  version: 0.34.5
  resolution: "@img/sharp-linux-s390x@npm:0.34.5"
  dependencies:
    "@img/sharp-libvips-linux-s390x": "npm:1.2.4"
  dependenciesMeta:
    "@img/sharp-libvips-linux-s390x":
      optional: true
  conditions: os=linux & cpu=s390x & libc=glibc
  languageName: node
  linkType: hard

"@img/sharp-linux-x64@npm:0.34.5":
  version: 0.34.5
  resolution: "@img/sharp-linux-x64@npm:0.34.5"
  dependencies:
    "@img/sharp-libvips-linux-x64": "npm:1.2.4"
  dependenciesMeta:
    "@img/sharp-libvips-linux-x64":
      optional: true
  conditions: os=linux & cpu=x64 & libc=glibc
  languageName: node
  linkType: hard

"@img/sharp-linuxmusl-arm64@npm:0.34.5":
  version: 0.34.5
  resolution: "@img/sharp-linuxmusl-arm64@npm:0.34.5"
  dependencies:
    "@img/sharp-libvips-linuxmusl-arm64": "npm:1.2.4"
  dependenciesMeta:
    "@img/sharp-libvips-linuxmusl-arm64":
      optional: true
  conditions: os=linux & cpu=arm64 & libc=musl
  languageName: node
  linkType: hard

"@img/sharp-linuxmusl-x64@npm:0.34.5":
  version: 0.34.5
  resolution: "@img/sharp-linuxmusl-x64@npm:0.34.5"
  dependencies:
    "@img/sharp-libvips-linuxmusl-x64": "npm:1.2.4"
  dependenciesMeta:
    "@img/sharp-libvips-linuxmusl-x64":
      optional: true
  conditions: os=linux & cpu=x64 & libc=musl
  languageName: node
  linkType: hard

"@img/sharp-wasm32@npm:0.34.5":
  version: 0.34.5
  resolution: "@img/sharp-wasm32@npm:0.34.5"
  dependencies:
    "@emnapi/runtime": "npm:^1.7.0"
  conditions: cpu=wasm32
  languageName: node
  linkType: hard

"@img/sharp-win32-arm64@npm:0.34.5":
  version: 0.34.5
  resolution: "@img/sharp-win32-arm64@npm:0.34.5"
  conditions: os=win32 & cpu=arm64
  languageName: node
  linkType: hard

"@img/sharp-win32-ia32@npm:0.34.5":
  version: 0.34.5
  resolution: "@img/sharp-win32-ia32@npm:0.34.5"
  conditions: os=win32 & cpu=ia32
  languageName: node
  linkType: hard

"@img/sharp-win32-x64@npm:0.34.5":
  version: 0.34.5
  resolution: "@img/sharp-win32-x64@npm:0.34.5"
  conditions: os=win32 & cpu=x64
  languageName: node
  linkType: hard

"@isaacs/fs-minipass@npm:^4.0.0":
  version: 4.0.1
  resolution: "@isaacs/fs-minipass@npm:4.0.1"
  dependencies:
    minipass: "npm:^7.0.4"
  checksum: 10/4412e9e6713c89c1e66d80bb0bb5a2a93192f10477623a27d08f228ba0316bb880affabc5bfe7f838f58a34d26c2c190da726e576cdfc18c49a72e89adabdcf5
  languageName: node
  linkType: hard

"@jridgewell/resolve-uri@npm:^3.0.3":
  version: 3.1.2
  resolution: "@jridgewell/resolve-uri@npm:3.1.2"
  checksum: 10/97106439d750a409c22c8bff822d648f6a71f3aa9bc8e5129efdc36343cd3096ddc4eeb1c62d2fe48e9bdd4db37b05d4646a17114ecebd3bbcacfa2de51c3c1d
  languageName: node
  linkType: hard

"@jridgewell/sourcemap-codec@npm:^1.4.10":
  version: 1.5.5
  resolution: "@jridgewell/sourcemap-codec@npm:1.5.5"
  checksum: 10/5d9d207b462c11e322d71911e55e21a4e2772f71ffe8d6f1221b8eb5ae6774458c1d242f897fb0814e8714ca9a6b498abfa74dfe4f434493342902b1a48b33a5
  languageName: node
  linkType: hard

"@jridgewell/trace-mapping@npm:0.3.9":
  version: 0.3.9
  resolution: "@jridgewell/trace-mapping@npm:0.3.9"
  dependencies:
    "@jridgewell/resolve-uri": "npm:^3.0.3"
    "@jridgewell/sourcemap-codec": "npm:^1.4.10"
  checksum: 10/83deafb8e7a5ca98993c2c6eeaa93c270f6f647a4c0dc00deb38c9cf9b2d3b7bf15e8839540155247ef034a052c0ec4466f980bf0c9e2ab63b97d16c0cedd3ff
  languageName: node
  linkType: hard

"@oxfmt/binding-android-arm-eabi@npm:0.56.0":
  version: 0.56.0
  resolution: "@oxfmt/binding-android-arm-eabi@npm:0.56.0"
  conditions: os=android & cpu=arm
  languageName: node
  linkType: hard

"@oxfmt/binding-android-arm64@npm:0.56.0":
  version: 0.56.0
  resolution: "@oxfmt/binding-android-arm64@npm:0.56.0"
  conditions: os=android & cpu=arm64
  languageName: node
  linkType: hard

"@oxfmt/binding-darwin-arm64@npm:0.56.0":
  version: 0.56.0
  resolution: "@oxfmt/binding-darwin-arm64@npm:0.56.0"
  conditions: os=darwin & cpu=arm64
  languageName: node
  linkType: hard

"@oxfmt/binding-darwin-x64@npm:0.56.0":
  version: 0.56.0
  resolution: "@oxfmt/binding-darwin-x64@npm:0.56.0"
  conditions: os=darwin & cpu=x64
  languageName: node
  linkType: hard

"@oxfmt/binding-freebsd-x64@npm:0.56.0":
  version: 0.56.0
  resolution: "@oxfmt/binding-freebsd-x64@npm:0.56.0"
  conditions: os=freebsd & cpu=x64
  languageName: node
  linkType: hard

"@oxfmt/binding-linux-arm-gnueabihf@npm:0.56.0":
  version: 0.56.0
  resolution: "@oxfmt/binding-linux-arm-gnueabihf@npm:0.56.0"
  conditions: os=linux & cpu=arm
  languageName: node
  linkType: hard

"@oxfmt/binding-linux-arm-musleabihf@npm:0.56.0":
  version: 0.56.0
  resolution: "@oxfmt/binding-linux-arm-musleabihf@npm:0.56.0"
  conditions: os=linux & cpu=arm
  languageName: node
  linkType: hard

"@oxfmt/binding-linux-arm64-gnu@npm:0.56.0":
  version: 0.56.0
  resolution: "@oxfmt/binding-linux-arm64-gnu@npm:0.56.0"
  conditions: os=linux & cpu=arm64 & libc=glibc
  languageName: node
  linkType: hard

"@oxfmt/binding-linux-arm64-musl@npm:0.56.0":
  version: 0.56.0
  resolution: "@oxfmt/binding-linux-arm64-musl@npm:0.56.0"
  conditions: os=linux & cpu=arm64 & libc=musl
  languageName: node
  linkType: hard

"@oxfmt/binding-linux-ppc64-gnu@npm:0.56.0":
  version: 0.56.0
  resolution: "@oxfmt/binding-linux-ppc64-gnu@npm:0.56.0"
  conditions: os=linux & cpu=ppc64 & libc=glibc
  languageName: node
  linkType: hard

"@oxfmt/binding-linux-riscv64-gnu@npm:0.56.0":
  version: 0.56.0
  resolution: "@oxfmt/binding-linux-riscv64-gnu@npm:0.56.0"
  conditions: os=linux & cpu=riscv64 & libc=glibc
  languageName: node
  linkType: hard

"@oxfmt/binding-linux-riscv64-musl@npm:0.56.0":
  version: 0.56.0
  resolution: "@oxfmt/binding-linux-riscv64-musl@npm:0.56.0"
  conditions: os=linux & cpu=riscv64 & libc=musl
  languageName: node
  linkType: hard

"@oxfmt/binding-linux-s390x-gnu@npm:0.56.0":
  version: 0.56.0
  resolution: "@oxfmt/binding-linux-s390x-gnu@npm:0.56.0"
  conditions: os=linux & cpu=s390x & libc=glibc
  languageName: node
  linkType: hard

"@oxfmt/binding-linux-x64-gnu@npm:0.56.0":
  version: 0.56.0
  resolution: "@oxfmt/binding-linux-x64-gnu@npm:0.56.0"
  conditions: os=linux & cpu=x64 & libc=glibc
  languageName: node
  linkType: hard

"@oxfmt/binding-linux-x64-musl@npm:0.56.0":
  version: 0.56.0
  resolution: "@oxfmt/binding-linux-x64-musl@npm:0.56.0"
  conditions: os=linux & cpu=x64 & libc=musl
  languageName: node
  linkType: hard

"@oxfmt/binding-openharmony-arm64@npm:0.56.0":
  version: 0.56.0
  resolution: "@oxfmt/binding-openharmony-arm64@npm:0.56.0"
  conditions: os=openharmony & cpu=arm64
  languageName: node
  linkType: hard

"@oxfmt/binding-win32-arm64-msvc@npm:0.56.0":
  version: 0.56.0
  resolution: "@oxfmt/binding-win32-arm64-msvc@npm:0.56.0"
  conditions: os=win32 & cpu=arm64
  languageName: node
  linkType: hard

"@oxfmt/binding-win32-ia32-msvc@npm:0.56.0":
  version: 0.56.0
  resolution: "@oxfmt/binding-win32-ia32-msvc@npm:0.56.0"
  conditions: os=win32 & cpu=ia32
  languageName: node
  linkType: hard

"@oxfmt/binding-win32-x64-msvc@npm:0.56.0":
  version: 0.56.0
  resolution: "@oxfmt/binding-win32-x64-msvc@npm:0.56.0"
  conditions: os=win32 & cpu=x64
  languageName: node
  linkType: hard

"@poppinss/colors@npm:^4.1.5":
  version: 4.1.6
  resolution: "@poppinss/colors@npm:4.1.6"
  dependencies:
    kleur: "npm:^4.1.5"
  checksum: 10/61a7a601e68e0d473058f6cd861169ed7642e3891bcbe31d1a5e8f84a832026f98e9aa50f3cc09c2fe092de469ecacd764c793a68d2459a5c87a49134876209c
  languageName: node
  linkType: hard

"@poppinss/dumper@npm:^0.6.4":
  version: 0.6.5
  resolution: "@poppinss/dumper@npm:0.6.5"
  dependencies:
    "@poppinss/colors": "npm:^4.1.5"
    "@sindresorhus/is": "npm:^7.0.2"
    supports-color: "npm:^10.0.0"
  checksum: 10/90adbd73addf42c8ed4f519fd0f1fa958f1e83a65e7e2eab775c05156ea1576962cd2c495d8c939b8a5c9097932fe8f8df34e62b69e98fe78b79e37f5c4085c6
  languageName: node
  linkType: hard

"@poppinss/exception@npm:^1.2.2":
  version: 1.2.3
  resolution: "@poppinss/exception@npm:1.2.3"
  checksum: 10/dda850dbaf1e889110a9221604f38b68b24137b39a3127299707ace5d091b875766bad40774ee4cffcb6aebf543251b9e2b7071b0ed4b4c8958f481206d2b372
  languageName: node
  linkType: hard

"@sindresorhus/is@npm:^7.0.2":
  version: 7.2.0
  resolution: "@sindresorhus/is@npm:7.2.0"
  checksum: 10/d4f93d0fae3a799e1cb1cf31cdcc77f087f4203e2659e25afd7296493d9b4d430f37c4193404f56658d220a7467928fd2b29946dc141218bf42a2d2ebf8597fb
  languageName: node
  linkType: hard

"@speed-highlight/core@npm:^1.2.7":
  version: 1.2.17
  resolution: "@speed-highlight/core@npm:1.2.17"
  checksum: 10/8ae6287363bb4e61ff61d79742a064d57062f956fc61c7a0af80b566e97b3fcbc0705d18c2206e60ddc83a83a2f09e35779894e77ba826287b7d8cc731496919
  languageName: node
  linkType: hard

"abbrev@npm:^5.0.0":
  version: 5.0.0
  resolution: "abbrev@npm:5.0.0"
  checksum: 10/a32641fb7a8ba0ad6f65efda80a632c965a2567f52c988897bffc47f473c4e9c3f0166de19d939866b1ed58ec50ce36f697d54a476589ca2706f8b5605ed41f0
  languageName: node
  linkType: hard

"blake3-wasm@npm:2.1.5":
  version: 2.1.5
  resolution: "blake3-wasm@npm:2.1.5"
  checksum: 10/7138aa209ac8411755ba07df7d035974886aac1fb4bb8cf710d354732037069bacc9984c19b3bc68bf5e17cc203f454cc9cfcb7115393aaf21ce865630dbf920
  languageName: node
  linkType: hard

"cdn@workspace:.":
  version: 0.0.0-use.local
  resolution: "cdn@workspace:."
  dependencies:
    "@cloudflare/workers-types": "npm:4.20260625.1"
    hono: "npm:^4.12.27"
    nanoid: "npm:^5.1.16"
    oxfmt: "npm:0.56.0"
    typescript: "npm:6.0.3"
    wrangler: "npm:4.104.0"
  languageName: unknown
  linkType: soft

"chownr@npm:^3.0.0":
  version: 3.0.0
  resolution: "chownr@npm:3.0.0"
  checksum: 10/b63cb1f73d171d140a2ed8154ee6566c8ab775d3196b0e03a2a94b5f6a0ce7777ee5685ca56849403c8d17bd457a6540672f9a60696a6137c7a409097495b82c
  languageName: node
  linkType: hard

"cookie@npm:^1.0.2":
  version: 1.1.1
  resolution: "cookie@npm:1.1.1"
  checksum: 10/85538153054791155cf4d38d2e807e3b9382d71bf71d92fc46fca348515ea574049d0d9ef8eb84d2d54a681ad1d7a7316b1989b901dace50a6c0f4c3858dbdb2
  languageName: node
  linkType: hard

"detect-libc@npm:^2.1.2":
  version: 2.1.2
  resolution: "detect-libc@npm:2.1.2"
  checksum: 10/b736c8d97d5d46164c0d1bed53eb4e6a3b1d8530d460211e2d52f1c552875e706c58a5376854e4e54f8b828c9cada58c855288c968522eb93ac7696d65970766
  languageName: node
  linkType: hard

"env-paths@npm:^2.2.0":
  version: 2.2.1
  resolution: "env-paths@npm:2.2.1"
  checksum: 10/65b5df55a8bab92229ab2b40dad3b387fad24613263d103a97f91c9fe43ceb21965cd3392b1ccb5d77088021e525c4e0481adb309625d0cb94ade1d1fb8dc17e
  languageName: node
  linkType: hard

"error-stack-parser-es@npm:^1.0.5":
  version: 1.0.5
  resolution: "error-stack-parser-es@npm:1.0.5"
  checksum: 10/6b71297b679bb290cd526e79be54f21e02307918e6768f0be19cad87f1a41ccb5c2d2dc1d335c41fe877291ffc46088b41fe01c382b61acab432216a1874e2c5
  languageName: node
  linkType: hard

"esbuild@npm:0.28.1":
  version: 0.28.1
  resolution: "esbuild@npm:0.28.1"
  dependencies:
    "@esbuild/aix-ppc64": "npm:0.28.1"
    "@esbuild/android-arm": "npm:0.28.1"
    "@esbuild/android-arm64": "npm:0.28.1"
    "@esbuild/android-x64": "npm:0.28.1"
    "@esbuild/darwin-arm64": "npm:0.28.1"
    "@esbuild/darwin-x64": "npm:0.28.1"
    "@esbuild/freebsd-arm64": "npm:0.28.1"
    "@esbuild/freebsd-x64": "npm:0.28.1"
    "@esbuild/linux-arm": "npm:0.28.1"
    "@esbuild/linux-arm64": "npm:0.28.1"
    "@esbuild/linux-ia32": "npm:0.28.1"
    "@esbuild/linux-loong64": "npm:0.28.1"
    "@esbuild/linux-mips64el": "npm:0.28.1"
    "@esbuild/linux-ppc64": "npm:0.28.1"
    "@esbuild/linux-riscv64": "npm:0.28.1"
    "@esbuild/linux-s390x": "npm:0.28.1"
    "@esbuild/linux-x64": "npm:0.28.1"
    "@esbuild/netbsd-arm64": "npm:0.28.1"
    "@esbuild/netbsd-x64": "npm:0.28.1"
    "@esbuild/openbsd-arm64": "npm:0.28.1"
    "@esbuild/openbsd-x64": "npm:0.28.1"
    "@esbuild/openharmony-arm64": "npm:0.28.1"
    "@esbuild/sunos-x64": "npm:0.28.1"
    "@esbuild/win32-arm64": "npm:0.28.1"
    "@esbuild/win32-ia32": "npm:0.28.1"
    "@esbuild/win32-x64": "npm:0.28.1"
  dependenciesMeta:
    "@esbuild/aix-ppc64":
      optional: true
    "@esbuild/android-arm":
      optional: true
    "@esbuild/android-arm64":
      optional: true
    "@esbuild/android-x64":
      optional: true
    "@esbuild/darwin-arm64":
      optional: true
    "@esbuild/darwin-x64":
      optional: true
    "@esbuild/freebsd-arm64":
      optional: true
    "@esbuild/freebsd-x64":
      optional: true
    "@esbuild/linux-arm":
      optional: true
    "@esbuild/linux-arm64":
      optional: true
    "@esbuild/linux-ia32":
      optional: true
    "@esbuild/linux-loong64":
      optional: true
    "@esbuild/linux-mips64el":
      optional: true
    "@esbuild/linux-ppc64":
      optional: true
    "@esbuild/linux-riscv64":
      optional: true
    "@esbuild/linux-s390x":
      optional: true
    "@esbuild/linux-x64":
      optional: true
    "@esbuild/netbsd-arm64":
      optional: true
    "@esbuild/netbsd-x64":
      optional: true
    "@esbuild/openbsd-arm64":
      optional: true
    "@esbuild/openbsd-x64":
      optional: true
    "@esbuild/openharmony-arm64":
      optional: true
    "@esbuild/sunos-x64":
      optional: true
    "@esbuild/win32-arm64":
      optional: true
    "@esbuild/win32-ia32":
      optional: true
    "@esbuild/win32-x64":
      optional: true
  bin:
    esbuild: bin/esbuild
  checksum: 10/aaa4a922644afffac45e735c99caf343f881e2d36abcc6b6fb53c230bd69940504a5bb6b0041bdd1a690e748ebc681d3308a7d178987c523d74c63c2c280bac8
  languageName: node
  linkType: hard

"exponential-backoff@npm:^3.1.1":
  version: 3.1.3
  resolution: "exponential-backoff@npm:3.1.3"
  checksum: 10/ca25962b4bbab943b7c4ed0b5228e263833a5063c65e1cdeac4be9afad350aae5466e8e619b5051f4f8d37b2144a2d6e8fcc771b6cc82934f7dade2f964f652c
  languageName: node
  linkType: hard

"fdir@npm:^6.5.0":
  version: 6.5.0
  resolution: "fdir@npm:6.5.0"
  peerDependencies:
    picomatch: ^3 || ^4
  peerDependenciesMeta:
    picomatch:
      optional: true
  checksum: 10/14ca1c9f0a0e8f4f2e9bf4e8551065a164a09545dae548c12a18d238b72e51e5a7b39bd8e5494b56463a0877672d0a6c1ef62c6fa0677db1b0c847773be939b1
  languageName: node
  linkType: hard

"fsevents@npm:2.3.3":
  version: 2.3.3
  resolution: "fsevents@npm:2.3.3"
  dependencies:
    node-gyp: "npm:latest"
  checksum: 10/4c1ade961ded57cdbfbb5cac5106ec17bc8bccd62e16343c569a0ceeca83b9dfef87550b4dc5cbb89642da412b20c5071f304c8c464b80415446e8e155a038c0
  conditions: os=darwin
  languageName: node
  linkType: hard

"fsevents@patch:fsevents@npm%3A2.3.3#optional!builtin<compat/fsevents>":
  version: 2.3.3
  resolution: "fsevents@patch:fsevents@npm%3A2.3.3#optional!builtin<compat/fsevents>::version=2.3.3&hash=df0bf1"
  dependencies:
    node-gyp: "npm:latest"
  conditions: os=darwin
  languageName: node
  linkType: hard

"graceful-fs@npm:^4.2.6":
  version: 4.2.11
  resolution: "graceful-fs@npm:4.2.11"
  checksum: 10/bf152d0ed1dc159239db1ba1f74fdbc40cb02f626770dcd5815c427ce0688c2635a06ed69af364396da4636d0408fcf7d4afdf7881724c3307e46aff30ca49e2
  languageName: node
  linkType: hard

"hono@npm:^4.12.27":
  version: 4.12.27
  resolution: "hono@npm:4.12.27"
  checksum: 10/f1bb52f3871093fae5b5bc40fb179ff2e6d43c6dab8d7065ef182d8ff6cdc1c41dc1124b07f2f02e0fe36ec1e39e72300ed3447f64391e39d71978616d4f5a07
  languageName: node
  linkType: hard

"isexe@npm:^4.0.0":
  version: 4.0.0
  resolution: "isexe@npm:4.0.0"
  checksum: 10/2ead327ef596042ef9c9ec5f236b316acfaedb87f4bb61b3c3d574fb2e9c8a04b67305e04733bde52c24d9622fdebd3270aadb632adfbf9cadef88fe30f479e5
  languageName: node
  linkType: hard

"kleur@npm:^4.1.5":
  version: 4.1.5
  resolution: "kleur@npm:4.1.5"
  checksum: 10/44d84cc4eedd4311099402ef6d4acd9b2d16e08e499d6ef3bb92389bd4692d7ef09e35248c26e27f98acac532122acb12a1bfee645994ae3af4f0a37996da7df
  languageName: node
  linkType: hard

"miniflare@npm:4.20260623.0":
  version: 4.20260623.0
  resolution: "miniflare@npm:4.20260623.0"
  dependencies:
    "@cspotcode/source-map-support": "npm:0.8.1"
    sharp: "npm:0.34.5"
    undici: "npm:7.28.0"
    workerd: "npm:1.20260623.1"
    ws: "npm:8.21.0"
    youch: "npm:4.1.0-beta.10"
  bin:
    miniflare: bootstrap.js
  checksum: 10/edc36aa1164ed0f81229584e81d9a388774dbc8f7e574e65f46882315f3d4b887c72258b88bf6649164be472389db2c10bec9594291c7b9a0096c4f0bd9a5f05
  languageName: node
  linkType: hard

"minipass@npm:^7.0.4, minipass@npm:^7.1.2":
  version: 7.1.3
  resolution: "minipass@npm:7.1.3"
  checksum: 10/175e4d5e20980c3cd316ae82d2c031c42f6c746467d8b1905b51060a0ba4461441a0c25bb67c025fd9617f9a3873e152c7b543c6b5ac83a1846be8ade80dffd6
  languageName: node
  linkType: hard

"minizlib@npm:^3.1.0":
  version: 3.1.0
  resolution: "minizlib@npm:3.1.0"
  dependencies:
    minipass: "npm:^7.1.2"
  checksum: 10/f47365cc2cb7f078cbe7e046eb52655e2e7e97f8c0a9a674f4da60d94fb0624edfcec9b5db32e8ba5a99a5f036f595680ae6fe02a262beaa73026e505cc52f99
  languageName: node
  linkType: hard

"nanoid@npm:^5.1.16":
  version: 5.1.16
  resolution: "nanoid@npm:5.1.16"
  bin:
    nanoid: bin/nanoid.js
  checksum: 10/b1e702e2b7072e74ac2ae880907d0a291853a36617ec5c3d27d81ab04965ebc0d4d0f707cf9220928cf93d5370b1f561c930efee853dc9c1a3facaefdf1a42ee
  languageName: node
  linkType: hard

"node-gyp@npm:latest":
  version: 13.0.0
  resolution: "node-gyp@npm:13.0.0"
  dependencies:
    env-paths: "npm:^2.2.0"
    exponential-backoff: "npm:^3.1.1"
    graceful-fs: "npm:^4.2.6"
    nopt: "npm:^10.0.0"
    proc-log: "npm:^7.0.0"
    semver: "npm:^7.3.5"
    tar: "npm:^7.5.4"
    tinyglobby: "npm:^0.2.12"
    undici: "npm:^6.25.0"
    which: "npm:^7.0.0"
  bin:
    node-gyp: bin/node-gyp.js
  checksum: 10/12b7b0204d07493c347f59734aaee7531f41540c820ad0e40604e96838ab277f33fb1d70500283dbb66ee02182ebad231b6a13c75644d83e6c94c1ef28009c6a
  languageName: node
  linkType: hard

"nopt@npm:^10.0.0":
  version: 10.0.1
  resolution: "nopt@npm:10.0.1"
  dependencies:
    abbrev: "npm:^5.0.0"
  bin:
    nopt: bin/nopt.js
  checksum: 10/8021371365e78a2cbab015cac50d8449aa2cc411f0b8f2edb466c1336c3dfee4e61c5bf5bde22ee7dcea80d5f4510a7a8705ed3646c8d782f28b550c62bc4fdf
  languageName: node
  linkType: hard

"oxfmt@npm:0.56.0":
  version: 0.56.0
  resolution: "oxfmt@npm:0.56.0"
  dependencies:
    "@oxfmt/binding-android-arm-eabi": "npm:0.56.0"
    "@oxfmt/binding-android-arm64": "npm:0.56.0"
    "@oxfmt/binding-darwin-arm64": "npm:0.56.0"
    "@oxfmt/binding-darwin-x64": "npm:0.56.0"
    "@oxfmt/binding-freebsd-x64": "npm:0.56.0"
    "@oxfmt/binding-linux-arm-gnueabihf": "npm:0.56.0"
    "@oxfmt/binding-linux-arm-musleabihf": "npm:0.56.0"
    "@oxfmt/binding-linux-arm64-gnu": "npm:0.56.0"
    "@oxfmt/binding-linux-arm64-musl": "npm:0.56.0"
    "@oxfmt/binding-linux-ppc64-gnu": "npm:0.56.0"
    "@oxfmt/binding-linux-riscv64-gnu": "npm:0.56.0"
    "@oxfmt/binding-linux-riscv64-musl": "npm:0.56.0"
    "@oxfmt/binding-linux-s390x-gnu": "npm:0.56.0"
    "@oxfmt/binding-linux-x64-gnu": "npm:0.56.0"
    "@oxfmt/binding-linux-x64-musl": "npm:0.56.0"
    "@oxfmt/binding-openharmony-arm64": "npm:0.56.0"
    "@oxfmt/binding-win32-arm64-msvc": "npm:0.56.0"
    "@oxfmt/binding-win32-ia32-msvc": "npm:0.56.0"
    "@oxfmt/binding-win32-x64-msvc": "npm:0.56.0"
    tinypool: "npm:2.1.0"
  peerDependencies:
    svelte: ^5.0.0
    vite-plus: "*"
  dependenciesMeta:
    "@oxfmt/binding-android-arm-eabi":
      optional: true
    "@oxfmt/binding-android-arm64":
      optional: true
    "@oxfmt/binding-darwin-arm64":
      optional: true
    "@oxfmt/binding-darwin-x64":
      optional: true
    "@oxfmt/binding-freebsd-x64":
      optional: true
    "@oxfmt/binding-linux-arm-gnueabihf":
      optional: true
    "@oxfmt/binding-linux-arm-musleabihf":
      optional: true
    "@oxfmt/binding-linux-arm64-gnu":
      optional: true
    "@oxfmt/binding-linux-arm64-musl":
      optional: true
    "@oxfmt/binding-linux-ppc64-gnu":
      optional: true
    "@oxfmt/binding-linux-riscv64-gnu":
      optional: true
    "@oxfmt/binding-linux-riscv64-musl":
      optional: true
    "@oxfmt/binding-linux-s390x-gnu":
      optional: true
    "@oxfmt/binding-linux-x64-gnu":
      optional: true
    "@oxfmt/binding-linux-x64-musl":
      optional: true
    "@oxfmt/binding-openharmony-arm64":
      optional: true
    "@oxfmt/binding-win32-arm64-msvc":
      optional: true
    "@oxfmt/binding-win32-ia32-msvc":
      optional: true
    "@oxfmt/binding-win32-x64-msvc":
      optional: true
  peerDependenciesMeta:
    svelte:
      optional: true
    vite-plus:
      optional: true
  bin:
    oxfmt: bin/oxfmt
  checksum: 10/0e86a6d2c5dcd364922df23a208b54920213b379c2806fea44ccbbb1b0cd4d044a78ede7749de0d0fcdcd906703385df5d6a209313a458a1f1fae69a7b8d8bf8
  languageName: node
  linkType: hard

"path-to-regexp@npm:6.3.0":
  version: 6.3.0
  resolution: "path-to-regexp@npm:6.3.0"
  checksum: 10/6822f686f01556d99538b350722ef761541ec0ce95ca40ce4c29e20a5b492fe8361961f57993c71b2418de12e604478dcf7c430de34b2c31a688363a7a944d9c
  languageName: node
  linkType: hard

"pathe@npm:^2.0.3":
  version: 2.0.3
  resolution: "pathe@npm:2.0.3"
  checksum: 10/01e9a69928f39087d96e1751ce7d6d50da8c39abf9a12e0ac2389c42c83bc76f78c45a475bd9026a02e6a6f79be63acc75667df855862fe567d99a00a540d23d
  languageName: node
  linkType: hard

"picomatch@npm:^4.0.4":
  version: 4.0.4
  resolution: "picomatch@npm:4.0.4"
  checksum: 10/f6ef80a3590827ce20378ae110ac78209cc4f74d39236370f1780f957b7ee41c12acde0e4651b90f39983506fd2f5e449994716f516db2e9752924aff8de93ce
  languageName: node
  linkType: hard

"proc-log@npm:^7.0.0":
  version: 7.0.0
  resolution: "proc-log@npm:7.0.0"
  checksum: 10/97cd9f4a8a0d84e42ee91e106e5ba5edcb954521e8dbe26ee6ad31396e5c12cc2be5e5b6be7b53fa5a69959afbacd32719106e2d6f45802e34b31d9a3a01ec20
  languageName: node
  linkType: hard

"semver@npm:^7.3.5, semver@npm:^7.7.3":
  version: 7.8.5
  resolution: "semver@npm:7.8.5"
  bin:
    semver: bin/semver.js
  checksum: 10/9b01d2ff11e6e4a4539b7ca3c5f280c8704cb397a28504469f2ed4f00ad2194748d756647362a9712fff30984d15772ab7f083108c2fb508e2096ae9e708f22c
  languageName: node
  linkType: hard

"sharp@npm:0.34.5":
  version: 0.34.5
  resolution: "sharp@npm:0.34.5"
  dependencies:
    "@img/colour": "npm:^1.0.0"
    "@img/sharp-darwin-arm64": "npm:0.34.5"
    "@img/sharp-darwin-x64": "npm:0.34.5"
    "@img/sharp-libvips-darwin-arm64": "npm:1.2.4"
    "@img/sharp-libvips-darwin-x64": "npm:1.2.4"
    "@img/sharp-libvips-linux-arm": "npm:1.2.4"
    "@img/sharp-libvips-linux-arm64": "npm:1.2.4"
    "@img/sharp-libvips-linux-ppc64": "npm:1.2.4"
    "@img/sharp-libvips-linux-riscv64": "npm:1.2.4"
    "@img/sharp-libvips-linux-s390x": "npm:1.2.4"
    "@img/sharp-libvips-linux-x64": "npm:1.2.4"
    "@img/sharp-libvips-linuxmusl-arm64": "npm:1.2.4"
    "@img/sharp-libvips-linuxmusl-x64": "npm:1.2.4"
    "@img/sharp-linux-arm": "npm:0.34.5"
    "@img/sharp-linux-arm64": "npm:0.34.5"
    "@img/sharp-linux-ppc64": "npm:0.34.5"
    "@img/sharp-linux-riscv64": "npm:0.34.5"
    "@img/sharp-linux-s390x": "npm:0.34.5"
    "@img/sharp-linux-x64": "npm:0.34.5"
    "@img/sharp-linuxmusl-arm64": "npm:0.34.5"
    "@img/sharp-linuxmusl-x64": "npm:0.34.5"
    "@img/sharp-wasm32": "npm:0.34.5"
    "@img/sharp-win32-arm64": "npm:0.34.5"
    "@img/sharp-win32-ia32": "npm:0.34.5"
    "@img/sharp-win32-x64": "npm:0.34.5"
    detect-libc: "npm:^2.1.2"
    semver: "npm:^7.7.3"
  dependenciesMeta:
    "@img/sharp-darwin-arm64":
      optional: true
    "@img/sharp-darwin-x64":
      optional: true
    "@img/sharp-libvips-darwin-arm64":
      optional: true
    "@img/sharp-libvips-darwin-x64":
      optional: true
    "@img/sharp-libvips-linux-arm":
      optional: true
    "@img/sharp-libvips-linux-arm64":
      optional: true
    "@img/sharp-libvips-linux-ppc64":
      optional: true
    "@img/sharp-libvips-linux-riscv64":
      optional: true
    "@img/sharp-libvips-linux-s390x":
      optional: true
    "@img/sharp-libvips-linux-x64":
      optional: true
    "@img/sharp-libvips-linuxmusl-arm64":
      optional: true
    "@img/sharp-libvips-linuxmusl-x64":
      optional: true
    "@img/sharp-linux-arm":
      optional: true
    "@img/sharp-linux-arm64":
      optional: true
    "@img/sharp-linux-ppc64":
      optional: true
    "@img/sharp-linux-riscv64":
      optional: true
    "@img/sharp-linux-s390x":
      optional: true
    "@img/sharp-linux-x64":
      optional: true
    "@img/sharp-linuxmusl-arm64":
      optional: true
    "@img/sharp-linuxmusl-x64":
      optional: true
    "@img/sharp-wasm32":
      optional: true
    "@img/sharp-win32-arm64":
      optional: true
    "@img/sharp-win32-ia32":
      optional: true
    "@img/sharp-win32-x64":
      optional: true
  checksum: 10/d62bc638c8ad382dffc266beeaffab71457d592abeb6fdf95b512e6dcbce0abf47b8d903b4ea081f012ceb40e4462f1e219184c729329146df32a5ccec2c231f
  languageName: node
  linkType: hard

"supports-color@npm:^10.0.0":
  version: 10.2.2
  resolution: "supports-color@npm:10.2.2"
  checksum: 10/bd132705fc07213a4024131fb061f0a46a48b49ecaf434bb029c0a5aa0339b969236d496d63969e3c248a90fdcac16d4f9c5bf187e7be0bfb5e804ed13bef6b0
  languageName: node
  linkType: hard

"tar@npm:^7.5.4":
  version: 7.5.16
  resolution: "tar@npm:7.5.16"
  dependencies:
    "@isaacs/fs-minipass": "npm:^4.0.0"
    chownr: "npm:^3.0.0"
    minipass: "npm:^7.1.2"
    minizlib: "npm:^3.1.0"
    yallist: "npm:^5.0.0"
  checksum: 10/fafa22efceb9f056bf29ddc47d9bd90bb82fe3ce57b8d1242fc45771251741964cebba69d4e14a24fd1643f3c7f68478e945a19def534703cf370c2d9dca2e09
  languageName: node
  linkType: hard

"tinyglobby@npm:^0.2.12":
  version: 0.2.17
  resolution: "tinyglobby@npm:0.2.17"
  dependencies:
    fdir: "npm:^6.5.0"
    picomatch: "npm:^4.0.4"
  checksum: 10/f85e8a217d675c3f78d5f0ad25ea4557e7e023ed13ddc2b014da10bd0312eea53a34cd52356af07ccdff777f1243012547656282a4ca70936f68bf5065fbaa71
  languageName: node
  linkType: hard

"tinypool@npm:2.1.0":
  version: 2.1.0
  resolution: "tinypool@npm:2.1.0"
  checksum: 10/c11cfe84e8147d5bf198fe04ea789c068dfa8656c7f3483c76a7408c02d108b2e07d7301458021a0a98952d4a760efb6212ab49a01bac085c4aed3d6ee40ab2d
  languageName: node
  linkType: hard

"tslib@npm:^2.4.0":
  version: 2.8.1
  resolution: "tslib@npm:2.8.1"
  checksum: 10/3e2e043d5c2316461cb54e5c7fe02c30ef6dccb3384717ca22ae5c6b5bc95232a6241df19c622d9c73b809bea33b187f6dbc73030963e29950c2141bc32a79f7
  languageName: node
  linkType: hard

"typescript@npm:6.0.3":
  version: 6.0.3
  resolution: "typescript@npm:6.0.3"
  bin:
    tsc: bin/tsc
    tsserver: bin/tsserver
  checksum: 10/0ef2357a4cffd916b52b683a021cdab0f81eea4e9aa35f2d254581c9a5106da02224e3392e1b0ed42b7a48f80c966e5f52b8e1a27941fa0523c1705a9c2e0330
  languageName: node
  linkType: hard

"typescript@patch:typescript@npm%3A6.0.3#optional!builtin<compat/typescript>":
  version: 6.0.3
  resolution: "typescript@patch:typescript@npm%3A6.0.3#optional!builtin<compat/typescript>::version=6.0.3&hash=5786d5"
  bin:
    tsc: bin/tsc
    tsserver: bin/tsserver
  checksum: 10/22b67a18dafedf9b1468b64ca20d9aa02ea61d449b65413d8aa6552aeb63f52ef369e86beb25b6b4c91a803d9726ee5c196f391a9b64201263263410a4223ee6
  languageName: node
  linkType: hard

"undici@npm:7.28.0":
  version: 7.28.0
  resolution: "undici@npm:7.28.0"
  checksum: 10/154423b280d623278a61decb437f8a7e581fb18b8c95556ef956b32a58cd668eadbb812d28e20678cb2dc545a566f35a3afc0962307ca801da30f4741117986d
  languageName: node
  linkType: hard

"undici@npm:^6.25.0":
  version: 6.27.0
  resolution: "undici@npm:6.27.0"
  checksum: 10/30c18cdb235edf4dd36f8aa3ace1ffaf44060289a7d62ad44c33180d2d74a224015d25574812f62ce9c625b5beb1b0b766495b650fedf356aca11eed7ce2c816
  languageName: node
  linkType: hard

"unenv@npm:2.0.0-rc.24":
  version: 2.0.0-rc.24
  resolution: "unenv@npm:2.0.0-rc.24"
  dependencies:
    pathe: "npm:^2.0.3"
  checksum: 10/2d3e72d66efa719d0c36e8b57e35716cee72d15c82d72533ace9f2e533d4c0f5205be12bc0bec3c082a7cff9e972d08f760eb9b928acc90177afb49b7341f4f6
  languageName: node
  linkType: hard

"which@npm:^7.0.0":
  version: 7.0.0
  resolution: "which@npm:7.0.0"
  dependencies:
    isexe: "npm:^4.0.0"
  bin:
    node-which: bin/which.js
  checksum: 10/913a43ac10df37602ba9795a004dd7ab12ba7dd592aca1f08ec333be1fdd6a49bbf119a88c3f8d0ea70eeb6251726e77069251424d73000299a0a840ed000732
  languageName: node
  linkType: hard

"workerd@npm:1.20260623.1":
  version: 1.20260623.1
  resolution: "workerd@npm:1.20260623.1"
  dependencies:
    "@cloudflare/workerd-darwin-64": "npm:1.20260623.1"
    "@cloudflare/workerd-darwin-arm64": "npm:1.20260623.1"
    "@cloudflare/workerd-linux-64": "npm:1.20260623.1"
    "@cloudflare/workerd-linux-arm64": "npm:1.20260623.1"
    "@cloudflare/workerd-windows-64": "npm:1.20260623.1"
  dependenciesMeta:
    "@cloudflare/workerd-darwin-64":
      optional: true
    "@cloudflare/workerd-darwin-arm64":
      optional: true
    "@cloudflare/workerd-linux-64":
      optional: true
    "@cloudflare/workerd-linux-arm64":
      optional: true
    "@cloudflare/workerd-windows-64":
      optional: true
  bin:
    workerd: bin/workerd
  checksum: 10/b0af9b057f5070cac8dd75361ab095c40748ccf9693ec737d73ea3927d4adce0f182bb2868d6020d24e92886eb5e5edaa97cdda37e266100d4a0ad034ab0513d
  languageName: node
  linkType: hard

"wrangler@npm:4.104.0":
  version: 4.104.0
  resolution: "wrangler@npm:4.104.0"
  dependencies:
    "@cloudflare/kv-asset-handler": "npm:0.5.0"
    "@cloudflare/unenv-preset": "npm:2.16.1"
    blake3-wasm: "npm:2.1.5"
    esbuild: "npm:0.28.1"
    fsevents: "npm:2.3.3"
    miniflare: "npm:4.20260623.0"
    path-to-regexp: "npm:6.3.0"
    unenv: "npm:2.0.0-rc.24"
    workerd: "npm:1.20260623.1"
  peerDependencies:
    "@cloudflare/workers-types": ^4.20260623.1
  dependenciesMeta:
    fsevents:
      optional: true
  peerDependenciesMeta:
    "@cloudflare/workers-types":
      optional: true
  bin:
    cf-wrangler: bin/cf-wrangler.js
    wrangler: bin/wrangler.js
    wrangler2: bin/wrangler.js
  checksum: 10/6e00bc64a2f55f4ae5f38611ad8a6306d875202b4ee094e0ca59b5ea5f20794646bb7ebc95a8b39451ba245986b54294a3f1110a7dba465cfe954d915de26949
  languageName: node
  linkType: hard

"ws@npm:8.21.0":
  version: 8.21.0
  resolution: "ws@npm:8.21.0"
  peerDependencies:
    bufferutil: ^4.0.1
    utf-8-validate: ">=5.0.2"
  peerDependenciesMeta:
    bufferutil:
      optional: true
    utf-8-validate:
      optional: true
  checksum: 10/088411956432c8f876158409d5a285cb9ad1382f593391f51d3a599bd0a5b277f876609ebd00fc3596321c4a4c9064d6fffe1ebad960e8ea7fd9ae25324f35c2
  languageName: node
  linkType: hard

"yallist@npm:^5.0.0":
  version: 5.0.0
  resolution: "yallist@npm:5.0.0"
  checksum: 10/1884d272d485845ad04759a255c71775db0fac56308764b4c77ea56a20d56679fad340213054c8c9c9c26fcfd4c4b2a90df993b7e0aaf3cdb73c618d1d1a802a
  languageName: node
  linkType: hard

"youch-core@npm:^0.3.3":
  version: 0.3.3
  resolution: "youch-core@npm:0.3.3"
  dependencies:
    "@poppinss/exception": "npm:^1.2.2"
    error-stack-parser-es: "npm:^1.0.5"
  checksum: 10/d02c23d08755dce2461c82490d32592edebb8ea0f027d49e9acad53780e5f0e9721447726e1a8a67511c42638608a4e38aa5ac3146a53079811b2866c8518ad6
  languageName: node
  linkType: hard

"youch@npm:4.1.0-beta.10":
  version: 4.1.0-beta.10
  resolution: "youch@npm:4.1.0-beta.10"
  dependencies:
    "@poppinss/colors": "npm:^4.1.5"
    "@poppinss/dumper": "npm:^0.6.4"
    "@speed-highlight/core": "npm:^1.2.7"
    cookie: "npm:^1.0.2"
    youch-core: "npm:^0.3.3"
  checksum: 10/147912bd424e2f5266606890c8600717cc0b06e255704b78fa03d42c2ef217492b705d74d7cfffed45ecd5b800b719cf67300e8d11bc9041416c08cc72a0f254
  languageName: node
  linkType: hard
