# This file is generated by running "yarn install" inside your project.
# Manual changes might be lost - proceed with caution!

__metadata:
  version: 9
  cacheKey: 10

"@cloudflare/kv-asset-handler@npm:0.5.0":
  version: 0.5.0
  resolution: "@cloudflare/kv-asset-handler@npm:0.5.0"
  checksum: 10/03310bf078301e1faeebfc0d5bf290582c13628567d62c03d1b7390e37ff3f44606f67236f68a92878cf9a0c697b90f673846768a167fa05aef3da64b521a5d9
  languageName: node
  linkType: hard

"@cloudflare/unenv-preset@npm:2.16.1":
  version: 2.16.1
  resolution: "@cloudflare/unenv-preset@npm:2.16.1"
  peerDependencies:
    unenv: 2.0.0-rc.24
    workerd: ">1.20260305.0 <2.0.0-0"
  peerDependenciesMeta:
    workerd:
      optional: true
  checksum: 10/fd6c007e7cf269f3268741ca5405ad80a224df95de35d1082d31b7434f559f6f16c0a7f167298e0e8560e88d38cbdff87ecfbfa5717d2f06e197bcc69c3ee299
  languageName: node
  linkType: hard

"@cloudflare/workerd-darwin-64@npm:1.20260430.1":
  version: 1.20260430.1
  resolution: "@cloudflare/workerd-darwin-64@npm:1.20260430.1"
  conditions: os=darwin & cpu=x64
  languageName: node
  linkType: hard

"@cloudflare/workerd-darwin-arm64@npm:1.20260430.1":
  version: 1.20260430.1
  resolution: "@cloudflare/workerd-darwin-arm64@npm:1.20260430.1"
  conditions: os=darwin & cpu=arm64
  languageName: node
  linkType: hard

"@cloudflare/workerd-linux-64@npm:1.20260430.1":
  version: 1.20260430.1
  resolution: "@cloudflare/workerd-linux-64@npm:1.20260430.1"
  conditions: os=linux & cpu=x64
  languageName: node
  linkType: hard

"@cloudflare/workerd-linux-arm64@npm:1.20260430.1":
  version: 1.20260430.1
  resolution: "@cloudflare/workerd-linux-arm64@npm:1.20260430.1"
  conditions: os=linux & cpu=arm64
  languageName: node
  linkType: hard

"@cloudflare/workerd-windows-64@npm:1.20260430.1":
  version: 1.20260430.1
  resolution: "@cloudflare/workerd-windows-64@npm:1.20260430.1"
  conditions: os=win32 & cpu=x64
  languageName: node
  linkType: hard

"@cloudflare/workers-types@npm:4.20260501.1":
  version: 4.20260501.1
  resolution: "@cloudflare/workers-types@npm:4.20260501.1"
  checksum: 10/3cbd2ec5c3e659bf07e285b323342c341621714334199f3adbafc98928107574ec398dadfaea169f5fbbb37320ea14b940cf681461d64523126ff4a5ebdc15f7
  languageName: node
  linkType: hard

"@cspotcode/source-map-support@npm:0.8.1":
  version: 0.8.1
  resolution: "@cspotcode/source-map-support@npm:0.8.1"
  dependencies:
    "@jridgewell/trace-mapping": "npm:0.3.9"
  checksum: 10/b6e38a1712fab242c86a241c229cf562195aad985d0564bd352ac404be583029e89e93028ffd2c251d2c407ecac5fb0cbdca94a2d5c10f29ac806ede0508b3ff
  languageName: node
  linkType: hard

"@emnapi/runtime@npm:^1.7.0":
  version: 1.10.0
  resolution: "@emnapi/runtime@npm:1.10.0"
  dependencies:
    tslib: "npm:^2.4.0"
  checksum: 10/d21083d07fa0c2da171c142e78ef986b66b07d45b06accc0bcaf49fcc61bb4dbc10e1c1760813070165b9f49b054376a931045347f21c0f42ff1eb2d2040faac
  languageName: node
  linkType: hard

"@esbuild/aix-ppc64@npm:0.27.3":
  version: 0.27.3
  resolution: "@esbuild/aix-ppc64@npm:0.27.3"
  conditions: os=aix & cpu=ppc64
  languageName: node
  linkType: hard

"@esbuild/android-arm64@npm:0.27.3":
  version: 0.27.3
  resolution: "@esbuild/android-arm64@npm:0.27.3"
  conditions: os=android & cpu=arm64
  languageName: node
  linkType: hard

"@esbuild/android-arm@npm:0.27.3":
  version: 0.27.3
  resolution: "@esbuild/android-arm@npm:0.27.3"
  conditions: os=android & cpu=arm
  languageName: node
  linkType: hard

"@esbuild/android-x64@npm:0.27.3":
  version: 0.27.3
  resolution: "@esbuild/android-x64@npm:0.27.3"
  conditions: os=android & cpu=x64
  languageName: node
  linkType: hard

"@esbuild/darwin-arm64@npm:0.27.3":
  version: 0.27.3
  resolution: "@esbuild/darwin-arm64@npm:0.27.3"
  conditions: os=darwin & cpu=arm64
  languageName: node
  linkType: hard

"@esbuild/darwin-x64@npm:0.27.3":
  version: 0.27.3
  resolution: "@esbuild/darwin-x64@npm:0.27.3"
  conditions: os=darwin & cpu=x64
  languageName: node
  linkType: hard

"@esbuild/freebsd-arm64@npm:0.27.3":
  version: 0.27.3
  resolution: "@esbuild/freebsd-arm64@npm:0.27.3"
  conditions: os=freebsd & cpu=arm64
  languageName: node
  linkType: hard

"@esbuild/freebsd-x64@npm:0.27.3":
  version: 0.27.3
  resolution: "@esbuild/freebsd-x64@npm:0.27.3"
  conditions: os=freebsd & cpu=x64
  languageName: node
  linkType: hard

"@esbuild/linux-arm64@npm:0.27.3":
  version: 0.27.3
  resolution: "@esbuild/linux-arm64@npm:0.27.3"
  conditions: os=linux & cpu=arm64
  languageName: node
  linkType: hard

"@esbuild/linux-arm@npm:0.27.3":
  version: 0.27.3
  resolution: "@esbuild/linux-arm@npm:0.27.3"
  conditions: os=linux & cpu=arm
  languageName: node
  linkType: hard

"@esbuild/linux-ia32@npm:0.27.3":
  version: 0.27.3
  resolution: "@esbuild/linux-ia32@npm:0.27.3"
  conditions: os=linux & cpu=ia32
  languageName: node
  linkType: hard

"@esbuild/linux-loong64@npm:0.27.3":
  version: 0.27.3
  resolution: "@esbuild/linux-loong64@npm:0.27.3"
  conditions: os=linux & cpu=loong64
  languageName: node
  linkType: hard

"@esbuild/linux-mips64el@npm:0.27.3":
  version: 0.27.3
  resolution: "@esbuild/linux-mips64el@npm:0.27.3"
  conditions: os=linux & cpu=mips64el
  languageName: node
  linkType: hard

"@esbuild/linux-ppc64@npm:0.27.3":
  version: 0.27.3
  resolution: "@esbuild/linux-ppc64@npm:0.27.3"
  conditions: os=linux & cpu=ppc64
  languageName: node
  linkType: hard

"@esbuild/linux-riscv64@npm:0.27.3":
  version: 0.27.3
  resolution: "@esbuild/linux-riscv64@npm:0.27.3"
  conditions: os=linux & cpu=riscv64
  languageName: node
  linkType: hard

"@esbuild/linux-s390x@npm:0.27.3":
  version: 0.27.3
  resolution: "@esbuild/linux-s390x@npm:0.27.3"
  conditions: os=linux & cpu=s390x
  languageName: node
  linkType: hard

"@esbuild/linux-x64@npm:0.27.3":
  version: 0.27.3
  resolution: "@esbuild/linux-x64@npm:0.27.3"
  conditions: os=linux & cpu=x64
  languageName: node
  linkType: hard

"@esbuild/netbsd-arm64@npm:0.27.3":
  version: 0.27.3
  resolution: "@esbuild/netbsd-arm64@npm:0.27.3"
  conditions: os=netbsd & cpu=arm64
  languageName: node
  linkType: hard

"@esbuild/netbsd-x64@npm:0.27.3":
  version: 0.27.3
  resolution: "@esbuild/netbsd-x64@npm:0.27.3"
  conditions: os=netbsd & cpu=x64
  languageName: node
  linkType: hard

"@esbuild/openbsd-arm64@npm:0.27.3":
  version: 0.27.3
  resolution: "@esbuild/openbsd-arm64@npm:0.27.3"
  conditions: os=openbsd & cpu=arm64
  languageName: node
  linkType: hard

"@esbuild/openbsd-x64@npm:0.27.3":
  version: 0.27.3
  resolution: "@esbuild/openbsd-x64@npm:0.27.3"
  conditions: os=openbsd & cpu=x64
  languageName: node
  linkType: hard

"@esbuild/openharmony-arm64@npm:0.27.3":
  version: 0.27.3
  resolution: "@esbuild/openharmony-arm64@npm:0.27.3"
  conditions: os=openharmony & cpu=arm64
  languageName: node
  linkType: hard

"@esbuild/sunos-x64@npm:0.27.3":
  version: 0.27.3
  resolution: "@esbuild/sunos-x64@npm:0.27.3"
  conditions: os=sunos & cpu=x64
  languageName: node
  linkType: hard

"@esbuild/win32-arm64@npm:0.27.3":
  version: 0.27.3
  resolution: "@esbuild/win32-arm64@npm:0.27.3"
  conditions: os=win32 & cpu=arm64
  languageName: node
  linkType: hard

"@esbuild/win32-ia32@npm:0.27.3":
  version: 0.27.3
  resolution: "@esbuild/win32-ia32@npm:0.27.3"
  conditions: os=win32 & cpu=ia32
  languageName: node
  linkType: hard

"@esbuild/win32-x64@npm:0.27.3":
  version: 0.27.3
  resolution: "@esbuild/win32-x64@npm:0.27.3"
  conditions: os=win32 & cpu=x64
  languageName: node
  linkType: hard

"@img/colour@npm:^1.0.0":
  version: 1.1.0
  resolution: "@img/colour@npm:1.1.0"
  checksum: 10/2a29be7b06b046bd33c80ffa0f3493b7535b0841a69f54af81bf5e2d8867f21704fab42e9cf24ec30c089de34f790bae4dad1fc617c3163fbf264998dc316f0a
  languageName: node
  linkType: hard

"@img/sharp-darwin-arm64@npm:0.34.5":
  version: 0.34.5
  resolution: "@img/sharp-darwin-arm64@npm:0.34.5"
  dependencies:
    "@img/sharp-libvips-darwin-arm64": "npm:1.2.4"
  dependenciesMeta:
    "@img/sharp-libvips-darwin-arm64":
      optional: true
  conditions: os=darwin & cpu=arm64
  languageName: node
  linkType: hard

"@img/sharp-darwin-x64@npm:0.34.5":
  version: 0.34.5
  resolution: "@img/sharp-darwin-x64@npm:0.34.5"
  dependencies:
    "@img/sharp-libvips-darwin-x64": "npm:1.2.4"
  dependenciesMeta:
    "@img/sharp-libvips-darwin-x64":
      optional: true
  conditions: os=darwin & cpu=x64
  languageName: node
  linkType: hard

"@img/sharp-libvips-darwin-arm64@npm:1.2.4":
  version: 1.2.4
  resolution: "@img/sharp-libvips-darwin-arm64@npm:1.2.4"
  conditions: os=darwin & cpu=arm64
  languageName: node
  linkType: hard

"@img/sharp-libvips-darwin-x64@npm:1.2.4":
  version: 1.2.4
  resolution: "@img/sharp-libvips-darwin-x64@npm:1.2.4"
  conditions: os=darwin & cpu=x64
  languageName: node
  linkType: hard

"@img/sharp-libvips-linux-arm64@npm:1.2.4":
  version: 1.2.4
  resolution: "@img/sharp-libvips-linux-arm64@npm:1.2.4"
  conditions: os=linux & cpu=arm64 & libc=glibc
  languageName: node
  linkType: hard

"@img/sharp-libvips-linux-arm@npm:1.2.4":
  version: 1.2.4
  resolution: "@img/sharp-libvips-linux-arm@npm:1.2.4"
  conditions: os=linux & cpu=arm & libc=glibc
  languageName: node
  linkType: hard

"@img/sharp-libvips-linux-ppc64@npm:1.2.4":
  version: 1.2.4
  resolution: "@img/sharp-libvips-linux-ppc64@npm:1.2.4"
  conditions: os=linux & cpu=ppc64 & libc=glibc
  languageName: node
  linkType: hard

"@img/sharp-libvips-linux-riscv64@npm:1.2.4":
  version: 1.2.4
  resolution: "@img/sharp-libvips-linux-riscv64@npm:1.2.4"
  conditions: os=linux & cpu=riscv64 & libc=glibc
  languageName: node
  linkType: hard

"@img/sharp-libvips-linux-s390x@npm:1.2.4":
  version: 1.2.4
  resolution: "@img/sharp-libvips-linux-s390x@npm:1.2.4"
  conditions: os=linux & cpu=s390x & libc=glibc
  languageName: node
  linkType: hard

"@img/sharp-libvips-linux-x64@npm:1.2.4":
  version: 1.2.4
  resolution: "@img/sharp-libvips-linux-x64@npm:1.2.4"
  conditions: os=linux & cpu=x64 & libc=glibc
  languageName: node
  linkType: hard

"@img/sharp-libvips-linuxmusl-arm64@npm:1.2.4":
  version: 1.2.4
  resolution: "@img/sharp-libvips-linuxmusl-arm64@npm:1.2.4"
  conditions: os=linux & cpu=arm64 & libc=musl
  languageName: node
  linkType: hard

"@img/sharp-libvips-linuxmusl-x64@npm:1.2.4":
  version: 1.2.4
  resolution: "@img/sharp-libvips-linuxmusl-x64@npm:1.2.4"
  conditions: os=linux & cpu=x64 & libc=musl
  languageName: node
  linkType: hard

"@img/sharp-linux-arm64@npm:0.34.5":
  version: 0.34.5
  resolution: "@img/sharp-linux-arm64@npm:0.34.5"
  dependencies:
    "@img/sharp-libvips-linux-arm64": "npm:1.2.4"
  dependenciesMeta:
    "@img/sharp-libvips-linux-arm64":
      optional: true
  conditions: os=linux & cpu=arm64 & libc=glibc
  languageName: node
  linkType: hard

"@img/sharp-linux-arm@npm:0.34.5":
  version: 0.34.5
  resolution: "@img/sharp-linux-arm@npm:0.34.5"
  dependencies:
    "@img/sharp-libvips-linux-arm": "npm:1.2.4"
  dependenciesMeta:
    "@img/sharp-libvips-linux-arm":
      optional: true
  conditions: os=linux & cpu=arm & libc=glibc
  languageName: node
  linkType: hard

"@img/sharp-linux-ppc64@npm:0.34.5":
  version: 0.34.5
  resolution: "@img/sharp-linux-ppc64@npm:0.34.5"
  dependencies:
    "@img/sharp-libvips-linux-ppc64": "npm:1.2.4"
  dependenciesMeta:
    "@img/sharp-libvips-linux-ppc64":
      optional: true
  conditions: os=linux & cpu=ppc64 & libc=glibc
  languageName: node
  linkType: hard

"@img/sharp-linux-riscv64@npm:0.34.5":
  version: 0.34.5
  resolution: "@img/sharp-linux-riscv64@npm:0.34.5"
  dependencies:
    "@img/sharp-libvips-linux-riscv64": "npm:1.2.4"
  dependenciesMeta:
    "@img/sharp-libvips-linux-riscv64":
      optional: true
  conditions: os=linux & cpu=riscv64 & libc=glibc
  languageName: node
  linkType: hard

"@img/sharp-linux-s390x@npm:0.34.5":
  version: 0.34.5
  resolution: "@img/sharp-linux-s390x@npm:0.34.5"
  dependencies:
    "@img/sharp-libvips-linux-s390x": "npm:1.2.4"
  dependenciesMeta:
    "@img/sharp-libvips-linux-s390x":
      optional: true
  conditions: os=linux & cpu=s390x & libc=glibc
  languageName: node
  linkType: hard

"@img/sharp-linux-x64@npm:0.34.5":
  version: 0.34.5
  resolution: "@img/sharp-linux-x64@npm:0.34.5"
  dependencies:
    "@img/sharp-libvips-linux-x64": "npm:1.2.4"
  dependenciesMeta:
    "@img/sharp-libvips-linux-x64":
      optional: true
  conditions: os=linux & cpu=x64 & libc=glibc
  languageName: node
  linkType: hard

"@img/sharp-linuxmusl-arm64@npm:0.34.5":
  version: 0.34.5
  resolution: "@img/sharp-linuxmusl-arm64@npm:0.34.5"
  dependencies:
    "@img/sharp-libvips-linuxmusl-arm64": "npm:1.2.4"
  dependenciesMeta:
    "@img/sharp-libvips-linuxmusl-arm64":
      optional: true
  conditions: os=linux & cpu=arm64 & libc=musl
  languageName: node
  linkType: hard

"@img/sharp-linuxmusl-x64@npm:0.34.5":
  version: 0.34.5
  resolution: "@img/sharp-linuxmusl-x64@npm:0.34.5"
  dependencies:
    "@img/sharp-libvips-linuxmusl-x64": "npm:1.2.4"
  dependenciesMeta:
    "@img/sharp-libvips-linuxmusl-x64":
      optional: true
  conditions: os=linux & cpu=x64 & libc=musl
  languageName: node
  linkType: hard

"@img/sharp-wasm32@npm:0.34.5":
  version: 0.34.5
  resolution: "@img/sharp-wasm32@npm:0.34.5"
  dependencies:
    "@emnapi/runtime": "npm:^1.7.0"
  conditions: cpu=wasm32
  languageName: node
  linkType: hard

"@img/sharp-win32-arm64@npm:0.34.5":
  version: 0.34.5
  resolution: "@img/sharp-win32-arm64@npm:0.34.5"
  conditions: os=win32 & cpu=arm64
  languageName: node
  linkType: hard

"@img/sharp-win32-ia32@npm:0.34.5":
  version: 0.34.5
  resolution: "@img/sharp-win32-ia32@npm:0.34.5"
  conditions: os=win32 & cpu=ia32
  languageName: node
  linkType: hard

"@img/sharp-win32-x64@npm:0.34.5":
  version: 0.34.5
  resolution: "@img/sharp-win32-x64@npm:0.34.5"
  conditions: os=win32 & cpu=x64
  languageName: node
  linkType: hard

"@isaacs/fs-minipass@npm:^4.0.0":
  version: 4.0.1
  resolution: "@isaacs/fs-minipass@npm:4.0.1"
  dependencies:
    minipass: "npm:^7.0.4"
  checksum: 10/4412e9e6713c89c1e66d80bb0bb5a2a93192f10477623a27d08f228ba0316bb880affabc5bfe7f838f58a34d26c2c190da726e576cdfc18c49a72e89adabdcf5
  languageName: node
  linkType: hard

"@jridgewell/resolve-uri@npm:^3.0.3":
  version: 3.1.2
  resolution: "@jridgewell/resolve-uri@npm:3.1.2"
  checksum: 10/97106439d750a409c22c8bff822d648f6a71f3aa9bc8e5129efdc36343cd3096ddc4eeb1c62d2fe48e9bdd4db37b05d4646a17114ecebd3bbcacfa2de51c3c1d
  languageName: node
  linkType: hard

"@jridgewell/sourcemap-codec@npm:^1.4.10":
  version: 1.5.5
  resolution: "@jridgewell/sourcemap-codec@npm:1.5.5"
  checksum: 10/5d9d207b462c11e322d71911e55e21a4e2772f71ffe8d6f1221b8eb5ae6774458c1d242f897fb0814e8714ca9a6b498abfa74dfe4f434493342902b1a48b33a5
  languageName: node
  linkType: hard

"@jridgewell/trace-mapping@npm:0.3.9":
  version: 0.3.9
  resolution: "@jridgewell/trace-mapping@npm:0.3.9"
  dependencies:
    "@jridgewell/resolve-uri": "npm:^3.0.3"
    "@jridgewell/sourcemap-codec": "npm:^1.4.10"
  checksum: 10/83deafb8e7a5ca98993c2c6eeaa93c270f6f647a4c0dc00deb38c9cf9b2d3b7bf15e8839540155247ef034a052c0ec4466f980bf0c9e2ab63b97d16c0cedd3ff
  languageName: node
  linkType: hard

"@oxfmt/binding-android-arm-eabi@npm:0.47.0":
  version: 0.47.0
  resolution: "@oxfmt/binding-android-arm-eabi@npm:0.47.0"
  conditions: os=android & cpu=arm
  languageName: node
  linkType: hard

"@oxfmt/binding-android-arm64@npm:0.47.0":
  version: 0.47.0
  resolution: "@oxfmt/binding-android-arm64@npm:0.47.0"
  conditions: os=android & cpu=arm64
  languageName: node
  linkType: hard

"@oxfmt/binding-darwin-arm64@npm:0.47.0":
  version: 0.47.0
  resolution: "@oxfmt/binding-darwin-arm64@npm:0.47.0"
  conditions: os=darwin & cpu=arm64
  languageName: node
  linkType: hard

"@oxfmt/binding-darwin-x64@npm:0.47.0":
  version: 0.47.0
  resolution: "@oxfmt/binding-darwin-x64@npm:0.47.0"
  conditions: os=darwin & cpu=x64
  languageName: node
  linkType: hard

"@oxfmt/binding-freebsd-x64@npm:0.47.0":
  version: 0.47.0
  resolution: "@oxfmt/binding-freebsd-x64@npm:0.47.0"
  conditions: os=freebsd & cpu=x64
  languageName: node
  linkType: hard

"@oxfmt/binding-linux-arm-gnueabihf@npm:0.47.0":
  version: 0.47.0
  resolution: "@oxfmt/binding-linux-arm-gnueabihf@npm:0.47.0"
  conditions: os=linux & cpu=arm
  languageName: node
  linkType: hard

"@oxfmt/binding-linux-arm-musleabihf@npm:0.47.0":
  version: 0.47.0
  resolution: "@oxfmt/binding-linux-arm-musleabihf@npm:0.47.0"
  conditions: os=linux & cpu=arm
  languageName: node
  linkType: hard

"@oxfmt/binding-linux-arm64-gnu@npm:0.47.0":
  version: 0.47.0
  resolution: "@oxfmt/binding-linux-arm64-gnu@npm:0.47.0"
  conditions: os=linux & cpu=arm64 & libc=glibc
  languageName: node
  linkType: hard

"@oxfmt/binding-linux-arm64-musl@npm:0.47.0":
  version: 0.47.0
  resolution: "@oxfmt/binding-linux-arm64-musl@npm:0.47.0"
  conditions: os=linux & cpu=arm64 & libc=musl
  languageName: node
  linkType: hard

"@oxfmt/binding-linux-ppc64-gnu@npm:0.47.0":
  version: 0.47.0
  resolution: "@oxfmt/binding-linux-ppc64-gnu@npm:0.47.0"
  conditions: os=linux & cpu=ppc64 & libc=glibc
  languageName: node
  linkType: hard

"@oxfmt/binding-linux-riscv64-gnu@npm:0.47.0":
  version: 0.47.0
  resolution: "@oxfmt/binding-linux-riscv64-gnu@npm:0.47.0"
  conditions: os=linux & cpu=riscv64 & libc=glibc
  languageName: node
  linkType: hard

"@oxfmt/binding-linux-riscv64-musl@npm:0.47.0":
  version: 0.47.0
  resolution: "@oxfmt/binding-linux-riscv64-musl@npm:0.47.0"
  conditions: os=linux & cpu=riscv64 & libc=musl
  languageName: node
  linkType: hard

"@oxfmt/binding-linux-s390x-gnu@npm:0.47.0":
  version: 0.47.0
  resolution: "@oxfmt/binding-linux-s390x-gnu@npm:0.47.0"
  conditions: os=linux & cpu=s390x & libc=glibc
  languageName: node
  linkType: hard

"@oxfmt/binding-linux-x64-gnu@npm:0.47.0":
  version: 0.47.0
  resolution: "@oxfmt/binding-linux-x64-gnu@npm:0.47.0"
  conditions: os=linux & cpu=x64 & libc=glibc
  languageName: node
  linkType: hard

"@oxfmt/binding-linux-x64-musl@npm:0.47.0":
  version: 0.47.0
  resolution: "@oxfmt/binding-linux-x64-musl@npm:0.47.0"
  conditions: os=linux & cpu=x64 & libc=musl
  languageName: node
  linkType: hard

"@oxfmt/binding-openharmony-arm64@npm:0.47.0":
  version: 0.47.0
  resolution: "@oxfmt/binding-openharmony-arm64@npm:0.47.0"
  conditions: os=openharmony & cpu=arm64
  languageName: node
  linkType: hard

"@oxfmt/binding-win32-arm64-msvc@npm:0.47.0":
  version: 0.47.0
  resolution: "@oxfmt/binding-win32-arm64-msvc@npm:0.47.0"
  conditions: os=win32 & cpu=arm64
  languageName: node
  linkType: hard

"@oxfmt/binding-win32-ia32-msvc@npm:0.47.0":
  version: 0.47.0
  resolution: "@oxfmt/binding-win32-ia32-msvc@npm:0.47.0"
  conditions: os=win32 & cpu=ia32
  languageName: node
  linkType: hard

"@oxfmt/binding-win32-x64-msvc@npm:0.47.0":
  version: 0.47.0
  resolution: "@oxfmt/binding-win32-x64-msvc@npm:0.47.0"
  conditions: os=win32 & cpu=x64
  languageName: node
  linkType: hard

"@poppinss/colors@npm:^4.1.5":
  version: 4.1.6
  resolution: "@poppinss/colors@npm:4.1.6"
  dependencies:
    kleur: "npm:^4.1.5"
  checksum: 10/61a7a601e68e0d473058f6cd861169ed7642e3891bcbe31d1a5e8f84a832026f98e9aa50f3cc09c2fe092de469ecacd764c793a68d2459a5c87a49134876209c
  languageName: node
  linkType: hard

"@poppinss/dumper@npm:^0.6.4":
  version: 0.6.5
  resolution: "@poppinss/dumper@npm:0.6.5"
  dependencies:
    "@poppinss/colors": "npm:^4.1.5"
    "@sindresorhus/is": "npm:^7.0.2"
    supports-color: "npm:^10.0.0"
  checksum: 10/90adbd73addf42c8ed4f519fd0f1fa958f1e83a65e7e2eab775c05156ea1576962cd2c495d8c939b8a5c9097932fe8f8df34e62b69e98fe78b79e37f5c4085c6
  languageName: node
  linkType: hard

"@poppinss/exception@npm:^1.2.2":
  version: 1.2.3
  resolution: "@poppinss/exception@npm:1.2.3"
  checksum: 10/dda850dbaf1e889110a9221604f38b68b24137b39a3127299707ace5d091b875766bad40774ee4cffcb6aebf543251b9e2b7071b0ed4b4c8958f481206d2b372
  languageName: node
  linkType: hard

"@sindresorhus/is@npm:^7.0.2":
  version: 7.2.0
  resolution: "@sindresorhus/is@npm:7.2.0"
  checksum: 10/d4f93d0fae3a799e1cb1cf31cdcc77f087f4203e2659e25afd7296493d9b4d430f37c4193404f56658d220a7467928fd2b29946dc141218bf42a2d2ebf8597fb
  languageName: node
  linkType: hard

"@speed-highlight/core@npm:^1.2.7":
  version: 1.2.15
  resolution: "@speed-highlight/core@npm:1.2.15"
  checksum: 10/7e240f748486954a5b361d372d93e156ee19663ead4fe8186991f5033813f669ffdcc101b04b08e2b09c33af768fc0f302abe5d0f85d61e2be5969b05de7a2cc
  languageName: node
  linkType: hard

"abbrev@npm:^4.0.0":
  version: 4.0.0
  resolution: "abbrev@npm:4.0.0"
  checksum: 10/e2f0c6a6708ad738b3e8f50233f4800de31ad41a6cdc50e0cbe51b76fed69fd0213516d92c15ce1a9985fca71a14606a9be22bf00f8475a58987b9bfb671c582
  languageName: node
  linkType: hard

"blake3-wasm@npm:2.1.5":
  version: 2.1.5
  resolution: "blake3-wasm@npm:2.1.5"
  checksum: 10/7138aa209ac8411755ba07df7d035974886aac1fb4bb8cf710d354732037069bacc9984c19b3bc68bf5e17cc203f454cc9cfcb7115393aaf21ce865630dbf920
  languageName: node
  linkType: hard

"cdn@workspace:.":
  version: 0.0.0-use.local
  resolution: "cdn@workspace:."
  dependencies:
    "@cloudflare/workers-types": "npm:4.20260501.1"
    hono: "npm:^4.12.18"
    nanoid: "npm:^5.1.11"
    oxfmt: "npm:0.47.0"
    typescript: "npm:6.0.3"
    wrangler: "npm:4.87.0"
  languageName: unknown
  linkType: soft

"chownr@npm:^3.0.0":
  version: 3.0.0
  resolution: "chownr@npm:3.0.0"
  checksum: 10/b63cb1f73d171d140a2ed8154ee6566c8ab775d3196b0e03a2a94b5f6a0ce7777ee5685ca56849403c8d17bd457a6540672f9a60696a6137c7a409097495b82c
  languageName: node
  linkType: hard

"cookie@npm:^1.0.2":
  version: 1.1.1
  resolution: "cookie@npm:1.1.1"
  checksum: 10/85538153054791155cf4d38d2e807e3b9382d71bf71d92fc46fca348515ea574049d0d9ef8eb84d2d54a681ad1d7a7316b1989b901dace50a6c0f4c3858dbdb2
  languageName: node
  linkType: hard

"detect-libc@npm:^2.1.2":
  version: 2.1.2
  resolution: "detect-libc@npm:2.1.2"
  checksum: 10/b736c8d97d5d46164c0d1bed53eb4e6a3b1d8530d460211e2d52f1c552875e706c58a5376854e4e54f8b828c9cada58c855288c968522eb93ac7696d65970766
  languageName: node
  linkType: hard

"env-paths@npm:^2.2.0":
  version: 2.2.1
  resolution: "env-paths@npm:2.2.1"
  checksum: 10/65b5df55a8bab92229ab2b40dad3b387fad24613263d103a97f91c9fe43ceb21965cd3392b1ccb5d77088021e525c4e0481adb309625d0cb94ade1d1fb8dc17e
  languageName: node
  linkType: hard

"error-stack-parser-es@npm:^1.0.5":
  version: 1.0.5
  resolution: "error-stack-parser-es@npm:1.0.5"
  checksum: 10/6b71297b679bb290cd526e79be54f21e02307918e6768f0be19cad87f1a41ccb5c2d2dc1d335c41fe877291ffc46088b41fe01c382b61acab432216a1874e2c5
  languageName: node
  linkType: hard

"esbuild@npm:0.27.3":
  version: 0.27.3
  resolution: "esbuild@npm:0.27.3"
  dependencies:
    "@esbuild/aix-ppc64": "npm:0.27.3"
    "@esbuild/android-arm": "npm:0.27.3"
    "@esbuild/android-arm64": "npm:0.27.3"
    "@esbuild/android-x64": "npm:0.27.3"
    "@esbuild/darwin-arm64": "npm:0.27.3"
    "@esbuild/darwin-x64": "npm:0.27.3"
    "@esbuild/freebsd-arm64": "npm:0.27.3"
    "@esbuild/freebsd-x64": "npm:0.27.3"
    "@esbuild/linux-arm": "npm:0.27.3"
    "@esbuild/linux-arm64": "npm:0.27.3"
    "@esbuild/linux-ia32": "npm:0.27.3"
    "@esbuild/linux-loong64": "npm:0.27.3"
    "@esbuild/linux-mips64el": "npm:0.27.3"
    "@esbuild/linux-ppc64": "npm:0.27.3"
    "@esbuild/linux-riscv64": "npm:0.27.3"
    "@esbuild/linux-s390x": "npm:0.27.3"
    "@esbuild/linux-x64": "npm:0.27.3"
    "@esbuild/netbsd-arm64": "npm:0.27.3"
    "@esbuild/netbsd-x64": "npm:0.27.3"
    "@esbuild/openbsd-arm64": "npm:0.27.3"
    "@esbuild/openbsd-x64": "npm:0.27.3"
    "@esbuild/openharmony-arm64": "npm:0.27.3"
    "@esbuild/sunos-x64": "npm:0.27.3"
    "@esbuild/win32-arm64": "npm:0.27.3"
    "@esbuild/win32-ia32": "npm:0.27.3"
    "@esbuild/win32-x64": "npm:0.27.3"
  dependenciesMeta:
    "@esbuild/aix-ppc64":
      optional: true
    "@esbuild/android-arm":
      optional: true
    "@esbuild/android-arm64":
      optional: true
    "@esbuild/android-x64":
      optional: true
    "@esbuild/darwin-arm64":
      optional: true
    "@esbuild/darwin-x64":
      optional: true
    "@esbuild/freebsd-arm64":
      optional: true
    "@esbuild/freebsd-x64":
      optional: true
    "@esbuild/linux-arm":
      optional: true
    "@esbuild/linux-arm64":
      optional: true
    "@esbuild/linux-ia32":
      optional: true
    "@esbuild/linux-loong64":
      optional: true
    "@esbuild/linux-mips64el":
      optional: true
    "@esbuild/linux-ppc64":
      optional: true
    "@esbuild/linux-riscv64":
      optional: true
    "@esbuild/linux-s390x":
      optional: true
    "@esbuild/linux-x64":
      optional: true
    "@esbuild/netbsd-arm64":
      optional: true
    "@esbuild/netbsd-x64":
      optional: true
    "@esbuild/openbsd-arm64":
      optional: true
    "@esbuild/openbsd-x64":
      optional: true
    "@esbuild/openharmony-arm64":
      optional: true
    "@esbuild/sunos-x64":
      optional: true
    "@esbuild/win32-arm64":
      optional: true
    "@esbuild/win32-ia32":
      optional: true
    "@esbuild/win32-x64":
      optional: true
  bin:
    esbuild: bin/esbuild
  checksum: 10/aa74b8d8a3ed8e2eea4d8421737b322f4d21215244e8fa2156c6402d49b5bda01343c220196f1e3f830a7ce92b54ef653c6c723a8cc2e912bb4d17b7398b51ae
  languageName: node
  linkType: hard

"exponential-backoff@npm:^3.1.1":
  version: 3.1.3
  resolution: "exponential-backoff@npm:3.1.3"
  checksum: 10/ca25962b4bbab943b7c4ed0b5228e263833a5063c65e1cdeac4be9afad350aae5466e8e619b5051f4f8d37b2144a2d6e8fcc771b6cc82934f7dade2f964f652c
  languageName: node
  linkType: hard

"fdir@npm:^6.5.0":
  version: 6.5.0
  resolution: "fdir@npm:6.5.0"
  peerDependencies:
    picomatch: ^3 || ^4
  peerDependenciesMeta:
    picomatch:
      optional: true
  checksum: 10/14ca1c9f0a0e8f4f2e9bf4e8551065a164a09545dae548c12a18d238b72e51e5a7b39bd8e5494b56463a0877672d0a6c1ef62c6fa0677db1b0c847773be939b1
  languageName: node
  linkType: hard

"fsevents@npm:~2.3.2":
  version: 2.3.3
  resolution: "fsevents@npm:2.3.3"
  dependencies:
    node-gyp: "npm:latest"
  checksum: 10/4c1ade961ded57cdbfbb5cac5106ec17bc8bccd62e16343c569a0ceeca83b9dfef87550b4dc5cbb89642da412b20c5071f304c8c464b80415446e8e155a038c0
  conditions: os=darwin
  languageName: node
  linkType: hard

"fsevents@patch:fsevents@npm%3A~2.3.2#optional!builtin<compat/fsevents>":
  version: 2.3.3
  resolution: "fsevents@patch:fsevents@npm%3A2.3.3#optional!builtin<compat/fsevents>::version=2.3.3&hash=df0bf1"
  dependencies:
    node-gyp: "npm:latest"
  conditions: os=darwin
  languageName: node
  linkType: hard

"graceful-fs@npm:^4.2.6":
  version: 4.2.11
  resolution: "graceful-fs@npm:4.2.11"
  checksum: 10/bf152d0ed1dc159239db1ba1f74fdbc40cb02f626770dcd5815c427ce0688c2635a06ed69af364396da4636d0408fcf7d4afdf7881724c3307e46aff30ca49e2
  languageName: node
  linkType: hard

"hono@npm:^4.12.18":
  version: 4.12.18
  resolution: "hono@npm:4.12.18"
  checksum: 10/0adda91eeb68c921e073bcbedd8758f026cc47dbbe7824147cf0ee8ef03004b1891f4d4edc80f6ab4c6ab33ec1f2fac52c4f7098752f8acf6833bcb76efb39e4
  languageName: node
  linkType: hard

"isexe@npm:^4.0.0":
  version: 4.0.0
  resolution: "isexe@npm:4.0.0"
  checksum: 10/2ead327ef596042ef9c9ec5f236b316acfaedb87f4bb61b3c3d574fb2e9c8a04b67305e04733bde52c24d9622fdebd3270aadb632adfbf9cadef88fe30f479e5
  languageName: node
  linkType: hard

"kleur@npm:^4.1.5":
  version: 4.1.5
  resolution: "kleur@npm:4.1.5"
  checksum: 10/44d84cc4eedd4311099402ef6d4acd9b2d16e08e499d6ef3bb92389bd4692d7ef09e35248c26e27f98acac532122acb12a1bfee645994ae3af4f0a37996da7df
  languageName: node
  linkType: hard

"miniflare@npm:4.20260430.0":
  version: 4.20260430.0
  resolution: "miniflare@npm:4.20260430.0"
  dependencies:
    "@cspotcode/source-map-support": "npm:0.8.1"
    sharp: "npm:^0.34.5"
    undici: "npm:7.24.8"
    workerd: "npm:1.20260430.1"
    ws: "npm:8.18.0"
    youch: "npm:4.1.0-beta.10"
  bin:
    miniflare: bootstrap.js
  checksum: 10/99ceceee77f6ccacc70af1affd3a6fc5e2e84c5ad2c4c9b783093b152c850be2485a9c7952ec3cf1da1d06a5185cefb5384b4458838c12961620b421087ea343
  languageName: node
  linkType: hard

"minipass@npm:^7.0.4, minipass@npm:^7.1.2":
  version: 7.1.3
  resolution: "minipass@npm:7.1.3"
  checksum: 10/175e4d5e20980c3cd316ae82d2c031c42f6c746467d8b1905b51060a0ba4461441a0c25bb67c025fd9617f9a3873e152c7b543c6b5ac83a1846be8ade80dffd6
  languageName: node
  linkType: hard

"minizlib@npm:^3.1.0":
  version: 3.1.0
  resolution: "minizlib@npm:3.1.0"
  dependencies:
    minipass: "npm:^7.1.2"
  checksum: 10/f47365cc2cb7f078cbe7e046eb52655e2e7e97f8c0a9a674f4da60d94fb0624edfcec9b5db32e8ba5a99a5f036f595680ae6fe02a262beaa73026e505cc52f99
  languageName: node
  linkType: hard

"nanoid@npm:^5.1.11":
  version: 5.1.11
  resolution: "nanoid@npm:5.1.11"
  bin:
    nanoid: bin/nanoid.js
  checksum: 10/d5971a1d39f68bd9845565c70a27733c832ba1bd73caad3c7b999a366c0355b6fcc65064f3b0179bca6cd36b50cacd5747d4482c303f026b58d62ebe31df9868
  languageName: node
  linkType: hard

"node-gyp@npm:latest":
  version: 12.3.0
  resolution: "node-gyp@npm:12.3.0"
  dependencies:
    env-paths: "npm:^2.2.0"
    exponential-backoff: "npm:^3.1.1"
    graceful-fs: "npm:^4.2.6"
    nopt: "npm:^9.0.0"
    proc-log: "npm:^6.0.0"
    semver: "npm:^7.3.5"
    tar: "npm:^7.5.4"
    tinyglobby: "npm:^0.2.12"
    undici: "npm:^6.25.0"
    which: "npm:^6.0.0"
  bin:
    node-gyp: bin/node-gyp.js
  checksum: 10/cd97bf17f0f3e6288c42cc23a6db8528a98e7530abdb72ab558272906d603362e4558069f99f8a5250bc78f65ff305b1438caca4f1b31c81904a8798c242603e
  languageName: node
  linkType: hard

"nopt@npm:^9.0.0":
  version: 9.0.0
  resolution: "nopt@npm:9.0.0"
  dependencies:
    abbrev: "npm:^4.0.0"
  bin:
    nopt: bin/nopt.js
  checksum: 10/56a1ccd2ad711fb5115918e2c96828703cddbe12ba2c3bd00591758f6fa30e6f47dd905c59dbfcf9b773f3a293b45996609fb6789ae29d6bfcc3cf3a6f7d9fda
  languageName: node
  linkType: hard

"oxfmt@npm:0.47.0":
  version: 0.47.0
  resolution: "oxfmt@npm:0.47.0"
  dependencies:
    "@oxfmt/binding-android-arm-eabi": "npm:0.47.0"
    "@oxfmt/binding-android-arm64": "npm:0.47.0"
    "@oxfmt/binding-darwin-arm64": "npm:0.47.0"
    "@oxfmt/binding-darwin-x64": "npm:0.47.0"
    "@oxfmt/binding-freebsd-x64": "npm:0.47.0"
    "@oxfmt/binding-linux-arm-gnueabihf": "npm:0.47.0"
    "@oxfmt/binding-linux-arm-musleabihf": "npm:0.47.0"
    "@oxfmt/binding-linux-arm64-gnu": "npm:0.47.0"
    "@oxfmt/binding-linux-arm64-musl": "npm:0.47.0"
    "@oxfmt/binding-linux-ppc64-gnu": "npm:0.47.0"
    "@oxfmt/binding-linux-riscv64-gnu": "npm:0.47.0"
    "@oxfmt/binding-linux-riscv64-musl": "npm:0.47.0"
    "@oxfmt/binding-linux-s390x-gnu": "npm:0.47.0"
    "@oxfmt/binding-linux-x64-gnu": "npm:0.47.0"
    "@oxfmt/binding-linux-x64-musl": "npm:0.47.0"
    "@oxfmt/binding-openharmony-arm64": "npm:0.47.0"
    "@oxfmt/binding-win32-arm64-msvc": "npm:0.47.0"
    "@oxfmt/binding-win32-ia32-msvc": "npm:0.47.0"
    "@oxfmt/binding-win32-x64-msvc": "npm:0.47.0"
    tinypool: "npm:2.1.0"
  dependenciesMeta:
    "@oxfmt/binding-android-arm-eabi":
      optional: true
    "@oxfmt/binding-android-arm64":
      optional: true
    "@oxfmt/binding-darwin-arm64":
      optional: true
    "@oxfmt/binding-darwin-x64":
      optional: true
    "@oxfmt/binding-freebsd-x64":
      optional: true
    "@oxfmt/binding-linux-arm-gnueabihf":
      optional: true
    "@oxfmt/binding-linux-arm-musleabihf":
      optional: true
    "@oxfmt/binding-linux-arm64-gnu":
      optional: true
    "@oxfmt/binding-linux-arm64-musl":
      optional: true
    "@oxfmt/binding-linux-ppc64-gnu":
      optional: true
    "@oxfmt/binding-linux-riscv64-gnu":
      optional: true
    "@oxfmt/binding-linux-riscv64-musl":
      optional: true
    "@oxfmt/binding-linux-s390x-gnu":
      optional: true
    "@oxfmt/binding-linux-x64-gnu":
      optional: true
    "@oxfmt/binding-linux-x64-musl":
      optional: true
    "@oxfmt/binding-openharmony-arm64":
      optional: true
    "@oxfmt/binding-win32-arm64-msvc":
      optional: true
    "@oxfmt/binding-win32-ia32-msvc":
      optional: true
    "@oxfmt/binding-win32-x64-msvc":
      optional: true
  bin:
    oxfmt: bin/oxfmt
  checksum: 10/2a707ef7cc0035f285b7a92c4ee90721f6a43e4a22ee9dd33ea2ac4371facbd13ca40576586fcf8debde5bd747a653d4c0a31c3d479f8d37e7f4f50f38d49175
  languageName: node
  linkType: hard

"path-to-regexp@npm:6.3.0":
  version: 6.3.0
  resolution: "path-to-regexp@npm:6.3.0"
  checksum: 10/6822f686f01556d99538b350722ef761541ec0ce95ca40ce4c29e20a5b492fe8361961f57993c71b2418de12e604478dcf7c430de34b2c31a688363a7a944d9c
  languageName: node
  linkType: hard

"pathe@npm:^2.0.3":
  version: 2.0.3
  resolution: "pathe@npm:2.0.3"
  checksum: 10/01e9a69928f39087d96e1751ce7d6d50da8c39abf9a12e0ac2389c42c83bc76f78c45a475bd9026a02e6a6f79be63acc75667df855862fe567d99a00a540d23d
  languageName: node
  linkType: hard

"picomatch@npm:^4.0.4":
  version: 4.0.4
  resolution: "picomatch@npm:4.0.4"
  checksum: 10/f6ef80a3590827ce20378ae110ac78209cc4f74d39236370f1780f957b7ee41c12acde0e4651b90f39983506fd2f5e449994716f516db2e9752924aff8de93ce
  languageName: node
  linkType: hard

"proc-log@npm:^6.0.0":
  version: 6.1.0
  resolution: "proc-log@npm:6.1.0"
  checksum: 10/9033f30f168ed5a0991b773d0c50ff88384c4738e9a0a67d341de36bf7293771eed648ab6a0562f62276da12fde91f3bbfc75ffff6e71ad49aafd74fc646be66
  languageName: node
  linkType: hard

"semver@npm:^7.3.5, semver@npm:^7.7.3":
  version: 7.7.4
  resolution: "semver@npm:7.7.4"
  bin:
    semver: bin/semver.js
  checksum: 10/26bdc6d58b29528f4142d29afb8526bc335f4fc04c4a10f2b98b217f277a031c66736bf82d3d3bb354a2f6a3ae50f18fd62b053c4ac3f294a3d10a61f5075b75
  languageName: node
  linkType: hard

"sharp@npm:^0.34.5":
  version: 0.34.5
  resolution: "sharp@npm:0.34.5"
  dependencies:
    "@img/colour": "npm:^1.0.0"
    "@img/sharp-darwin-arm64": "npm:0.34.5"
    "@img/sharp-darwin-x64": "npm:0.34.5"
    "@img/sharp-libvips-darwin-arm64": "npm:1.2.4"
    "@img/sharp-libvips-darwin-x64": "npm:1.2.4"
    "@img/sharp-libvips-linux-arm": "npm:1.2.4"
    "@img/sharp-libvips-linux-arm64": "npm:1.2.4"
    "@img/sharp-libvips-linux-ppc64": "npm:1.2.4"
    "@img/sharp-libvips-linux-riscv64": "npm:1.2.4"
    "@img/sharp-libvips-linux-s390x": "npm:1.2.4"
    "@img/sharp-libvips-linux-x64": "npm:1.2.4"
    "@img/sharp-libvips-linuxmusl-arm64": "npm:1.2.4"
    "@img/sharp-libvips-linuxmusl-x64": "npm:1.2.4"
    "@img/sharp-linux-arm": "npm:0.34.5"
    "@img/sharp-linux-arm64": "npm:0.34.5"
    "@img/sharp-linux-ppc64": "npm:0.34.5"
    "@img/sharp-linux-riscv64": "npm:0.34.5"
    "@img/sharp-linux-s390x": "npm:0.34.5"
    "@img/sharp-linux-x64": "npm:0.34.5"
    "@img/sharp-linuxmusl-arm64": "npm:0.34.5"
    "@img/sharp-linuxmusl-x64": "npm:0.34.5"
    "@img/sharp-wasm32": "npm:0.34.5"
    "@img/sharp-win32-arm64": "npm:0.34.5"
    "@img/sharp-win32-ia32": "npm:0.34.5"
    "@img/sharp-win32-x64": "npm:0.34.5"
    detect-libc: "npm:^2.1.2"
    semver: "npm:^7.7.3"
  dependenciesMeta:
    "@img/sharp-darwin-arm64":
      optional: true
    "@img/sharp-darwin-x64":
      optional: true
    "@img/sharp-libvips-darwin-arm64":
      optional: true
    "@img/sharp-libvips-darwin-x64":
      optional: true
    "@img/sharp-libvips-linux-arm":
      optional: true
    "@img/sharp-libvips-linux-arm64":
      optional: true
    "@img/sharp-libvips-linux-ppc64":
      optional: true
    "@img/sharp-libvips-linux-riscv64":
      optional: true
    "@img/sharp-libvips-linux-s390x":
      optional: true
    "@img/sharp-libvips-linux-x64":
      optional: true
    "@img/sharp-libvips-linuxmusl-arm64":
      optional: true
    "@img/sharp-libvips-linuxmusl-x64":
      optional: true
    "@img/sharp-linux-arm":
      optional: true
    "@img/sharp-linux-arm64":
      optional: true
    "@img/sharp-linux-ppc64":
      optional: true
    "@img/sharp-linux-riscv64":
      optional: true
    "@img/sharp-linux-s390x":
      optional: true
    "@img/sharp-linux-x64":
      optional: true
    "@img/sharp-linuxmusl-arm64":
      optional: true
    "@img/sharp-linuxmusl-x64":
      optional: true
    "@img/sharp-wasm32":
      optional: true
    "@img/sharp-win32-arm64":
      optional: true
    "@img/sharp-win32-ia32":
      optional: true
    "@img/sharp-win32-x64":
      optional: true
  checksum: 10/d62bc638c8ad382dffc266beeaffab71457d592abeb6fdf95b512e6dcbce0abf47b8d903b4ea081f012ceb40e4462f1e219184c729329146df32a5ccec2c231f
  languageName: node
  linkType: hard

"supports-color@npm:^10.0.0":
  version: 10.2.2
  resolution: "supports-color@npm:10.2.2"
  checksum: 10/bd132705fc07213a4024131fb061f0a46a48b49ecaf434bb029c0a5aa0339b969236d496d63969e3c248a90fdcac16d4f9c5bf187e7be0bfb5e804ed13bef6b0
  languageName: node
  linkType: hard

"tar@npm:^7.5.4":
  version: 7.5.13
  resolution: "tar@npm:7.5.13"
  dependencies:
    "@isaacs/fs-minipass": "npm:^4.0.0"
    chownr: "npm:^3.0.0"
    minipass: "npm:^7.1.2"
    minizlib: "npm:^3.1.0"
    yallist: "npm:^5.0.0"
  checksum: 10/2bc2b6f0349038a6621dbba1c4522d45752d5071b2994692257113c2050cd23fafc30308f820e5f8ad6fda3f7d7f92adc9a432aa733daa04c42af2061c021c3f
  languageName: node
  linkType: hard

"tinyglobby@npm:^0.2.12":
  version: 0.2.16
  resolution: "tinyglobby@npm:0.2.16"
  dependencies:
    fdir: "npm:^6.5.0"
    picomatch: "npm:^4.0.4"
  checksum: 10/5c2c41b572ada38449e7c86a5fe034f204a1dbba577225a761a14f29f48dc3f2fc0d81a6c56fcc67c5a742cc3aa9fb5e2ca18dbf22b610b0bc0e549b34d5a0f8
  languageName: node
  linkType: hard

"tinypool@npm:2.1.0":
  version: 2.1.0
  resolution: "tinypool@npm:2.1.0"
  checksum: 10/c11cfe84e8147d5bf198fe04ea789c068dfa8656c7f3483c76a7408c02d108b2e07d7301458021a0a98952d4a760efb6212ab49a01bac085c4aed3d6ee40ab2d
  languageName: node
  linkType: hard

"tslib@npm:^2.4.0":
  version: 2.8.1
  resolution: "tslib@npm:2.8.1"
  checksum: 10/3e2e043d5c2316461cb54e5c7fe02c30ef6dccb3384717ca22ae5c6b5bc95232a6241df19c622d9c73b809bea33b187f6dbc73030963e29950c2141bc32a79f7
  languageName: node
  linkType: hard

"typescript@npm:6.0.3":
  version: 6.0.3
  resolution: "typescript@npm:6.0.3"
  bin:
    tsc: bin/tsc
    tsserver: bin/tsserver
  checksum: 10/0ef2357a4cffd916b52b683a021cdab0f81eea4e9aa35f2d254581c9a5106da02224e3392e1b0ed42b7a48f80c966e5f52b8e1a27941fa0523c1705a9c2e0330
  languageName: node
  linkType: hard

"typescript@patch:typescript@npm%3A6.0.3#optional!builtin<compat/typescript>":
  version: 6.0.3
  resolution: "typescript@patch:typescript@npm%3A6.0.3#optional!builtin<compat/typescript>::version=6.0.3&hash=5786d5"
  bin:
    tsc: bin/tsc
    tsserver: bin/tsserver
  checksum: 10/22b67a18dafedf9b1468b64ca20d9aa02ea61d449b65413d8aa6552aeb63f52ef369e86beb25b6b4c91a803d9726ee5c196f391a9b64201263263410a4223ee6
  languageName: node
  linkType: hard

"undici@npm:7.24.8":
  version: 7.24.8
  resolution: "undici@npm:7.24.8"
  checksum: 10/99c11a4022f8f0a70bc88701169d3588b19312b835c57e186fd29158b55284e2b5689e7586bf16038f675bff2ab08a5a1ca4ef4c55d144fbb69ea43df170ade6
  languageName: node
  linkType: hard

"undici@npm:^6.25.0":
  version: 6.25.0
  resolution: "undici@npm:6.25.0"
  checksum: 10/a475e45da3e1d1073283bb70531666f09a432eabff2b857bd7063d469a1ee1486192ff61dc0dadbb526673ce1120fee14d66a59b6b17d1e0bd3a4d5f0a52d0a6
  languageName: node
  linkType: hard

"unenv@npm:2.0.0-rc.24":
  version: 2.0.0-rc.24
  resolution: "unenv@npm:2.0.0-rc.24"
  dependencies:
    pathe: "npm:^2.0.3"
  checksum: 10/2d3e72d66efa719d0c36e8b57e35716cee72d15c82d72533ace9f2e533d4c0f5205be12bc0bec3c082a7cff9e972d08f760eb9b928acc90177afb49b7341f4f6
  languageName: node
  linkType: hard

"which@npm:^6.0.0":
  version: 6.0.1
  resolution: "which@npm:6.0.1"
  dependencies:
    isexe: "npm:^4.0.0"
  bin:
    node-which: bin/which.js
  checksum: 10/dbea77c7d3058bf6c78bf9659d2dce4d2b57d39a15b826b2af6ac2e5a219b99dc8a831b79fdbc453c0598adb4f3f84cf9c2491fd52beb9f5d2dececcad117f68
  languageName: node
  linkType: hard

"workerd@npm:1.20260430.1":
  version: 1.20260430.1
  resolution: "workerd@npm:1.20260430.1"
  dependencies:
    "@cloudflare/workerd-darwin-64": "npm:1.20260430.1"
    "@cloudflare/workerd-darwin-arm64": "npm:1.20260430.1"
    "@cloudflare/workerd-linux-64": "npm:1.20260430.1"
    "@cloudflare/workerd-linux-arm64": "npm:1.20260430.1"
    "@cloudflare/workerd-windows-64": "npm:1.20260430.1"
  dependenciesMeta:
    "@cloudflare/workerd-darwin-64":
      optional: true
    "@cloudflare/workerd-darwin-arm64":
      optional: true
    "@cloudflare/workerd-linux-64":
      optional: true
    "@cloudflare/workerd-linux-arm64":
      optional: true
    "@cloudflare/workerd-windows-64":
      optional: true
  bin:
    workerd: bin/workerd
  checksum: 10/ee49f929bafc76d5c2a87e3ce49a9cba87296aa5fab099da6a49163259f85ae283007e7be06b9b4b991d71383b479e5938c7ea1fe73b90ef8b3f27ada34c9278
  languageName: node
  linkType: hard

"wrangler@npm:4.87.0":
  version: 4.87.0
  resolution: "wrangler@npm:4.87.0"
  dependencies:
    "@cloudflare/kv-asset-handler": "npm:0.5.0"
    "@cloudflare/unenv-preset": "npm:2.16.1"
    blake3-wasm: "npm:2.1.5"
    esbuild: "npm:0.27.3"
    fsevents: "npm:~2.3.2"
    miniflare: "npm:4.20260430.0"
    path-to-regexp: "npm:6.3.0"
    unenv: "npm:2.0.0-rc.24"
    workerd: "npm:1.20260430.1"
  peerDependencies:
    "@cloudflare/workers-types": ^4.20260430.1
  dependenciesMeta:
    fsevents:
      optional: true
  peerDependenciesMeta:
    "@cloudflare/workers-types":
      optional: true
  bin:
    wrangler: bin/wrangler.js
    wrangler2: bin/wrangler.js
  checksum: 10/a0a44fc06d5ecb3a0f820f59fc72ba428796038889867ebbe91c2be34a1930e0d1b12cd8e98adf867921eedb174df1e6705e421af8475d4fd7fbfbe9cfbcda35
  languageName: node
  linkType: hard

"ws@npm:8.18.0":
  version: 8.18.0
  resolution: "ws@npm:8.18.0"
  peerDependencies:
    bufferutil: ^4.0.1
    utf-8-validate: ">=5.0.2"
  peerDependenciesMeta:
    bufferutil:
      optional: true
    utf-8-validate:
      optional: true
  checksum: 10/70dfe53f23ff4368d46e4c0b1d4ca734db2c4149c6f68bc62cb16fc21f753c47b35fcc6e582f3bdfba0eaeb1c488cddab3c2255755a5c3eecb251431e42b3ff6
  languageName: node
  linkType: hard

"yallist@npm:^5.0.0":
  version: 5.0.0
  resolution: "yallist@npm:5.0.0"
  checksum: 10/1884d272d485845ad04759a255c71775db0fac56308764b4c77ea56a20d56679fad340213054c8c9c9c26fcfd4c4b2a90df993b7e0aaf3cdb73c618d1d1a802a
  languageName: node
  linkType: hard

"youch-core@npm:^0.3.3":
  version: 0.3.3
  resolution: "youch-core@npm:0.3.3"
  dependencies:
    "@poppinss/exception": "npm:^1.2.2"
    error-stack-parser-es: "npm:^1.0.5"
  checksum: 10/d02c23d08755dce2461c82490d32592edebb8ea0f027d49e9acad53780e5f0e9721447726e1a8a67511c42638608a4e38aa5ac3146a53079811b2866c8518ad6
  languageName: node
  linkType: hard

"youch@npm:4.1.0-beta.10":
  version: 4.1.0-beta.10
  resolution: "youch@npm:4.1.0-beta.10"
  dependencies:
    "@poppinss/colors": "npm:^4.1.5"
    "@poppinss/dumper": "npm:^0.6.4"
    "@speed-highlight/core": "npm:^1.2.7"
    cookie: "npm:^1.0.2"
    youch-core: "npm:^0.3.3"
  checksum: 10/147912bd424e2f5266606890c8600717cc0b06e255704b78fa03d42c2ef217492b705d74d7cfffed45ecd5b800b719cf67300e8d11bc9041416c08cc72a0f254
  languageName: node
  linkType: hard
